PODS:
  - ADEngineBlock (0.0.2):
    - OAuthConsumer
    - ObjCMacros
    - SBJson
    - Seriously
  - ADOAuthorizeiOS (0.0.1):
    - OAuthConsumer (from `https://github.com/adamvduke/OAuthConsumer.git', commit `8647a2d9534fb95ab7edb7993205969ca3f839b3')
    - ObjCMacros (from `https://github.com/adamvduke/ObjCMacros.git', commit `75facaeb736feabd62bfb934b54c35a5397b2b43')
  - ASIHTTPRequest (1.8.1):
    - ASIHTTPRequest/ASIWebPageRequest (= 1.8.1)
    - ASIHTTPRequest/CloudFiles (= 1.8.1)
    - ASIHTTPRequest/S3 (= 1.8.1)
    - Reachability
  - ASIHTTPRequest/ASIWebPageRequest (1.8.1):
    - Reachability
  - ASIHTTPRequest/CloudFiles (1.8.1):
    - Reachability
  - ASIHTTPRequest/S3 (1.8.1):
    - Reachability
  - FMDB (2.0)
  - Nimbus/Core (0.9.3)
  - Nimbus/NetworkImage (0.9.3):
    - ASIHTTPRequest
    - Nimbus/Core
  - OAuthConsumer (0.0.1)
  - ObjCMacros (0.0.1)
  - Reachability (3.0.0)
  - SBJson (3.1)
  - Seriously (0.0.1)

DEPENDENCIES:
  - ADEngineBlock
  - ADOAuthorizeiOS
  - FMDB
  - Nimbus/Core
  - Nimbus/NetworkImage
  - OAuthConsumer
  - ObjCMacros
  - SBJson
