// !$*UTF8*$!
{
	archiveVersion = 1;
	classes = {
	};
	objectVersion = 46;
	objects = {

/* Begin PBXBuildFile section */
		1D3623260D0F684500981E51 /* PresenceAppDelegate.m in Sources */ = {isa = PBXBuildFile; fileRef = 1D3623250D0F684500981E51 /* PresenceAppDelegate.m */; };
		1D60589F0D05DD5A006BFB54 /* Foundation.framework in Frameworks */ = {isa = PBXBuildFile; fileRef = 1D30AB110D05D00D00671497 /* Foundation.framework */; };
		1DF5F4E00D08C38300B7A737 /* UIKit.framework in Frameworks */ = {isa = PBXBuildFile; fileRef = 1DF5F4DF0D08C38300B7A737 /* UIKit.framework */; };
		288765FD0DF74451002DB57D /* CoreGraphics.framework in Frameworks */ = {isa = PBXBuildFile; fileRef = 288765FC0DF74451002DB57D /* CoreGraphics.framework */; };
		560315A810ABA79A005F649A /* ListViewController.m in Sources */ = {isa = PBXBuildFile; fileRef = 560315A710ABA79A005F649A /* ListViewController.m */; };
		5616967411C5634300C07DEF /* FavoriteUsers.plist in Resources */ = {isa = PBXBuildFile; fileRef = 5616967211C5634300C07DEF /* FavoriteUsers.plist */; };
		561E9B6211BAE59F005A6BC8 /* Localizable.strings in Resources */ = {isa = PBXBuildFile; fileRef = 561E9B6011BAE59F005A6BC8 /* Localizable.strings */; };
		562BCB0611CA7CD7001E4BA2 /* IconDownloader.m in Sources */ = {isa = PBXBuildFile; fileRef = 562BCB0511CA7CD7001E4BA2 /* IconDownloader.m */; };
		563329FA11B761BF00BF4184 /* QuartzCore.framework in Frameworks */ = {isa = PBXBuildFile; fileRef = 563329F911B761BF00BF4184 /* QuartzCore.framework */; };
		5638D04411B494CB00C9F272 /* ComposeStatusViewController.m in Sources */ = {isa = PBXBuildFile; fileRef = 5638D04211B494CB00C9F272 /* ComposeStatusViewController.m */; };
		563C65EF11B89639001430C9 /* PresenceContants.m in Sources */ = {isa = PBXBuildFile; fileRef = 563C65EE11B89639001430C9 /* PresenceContants.m */; };
		563C7BFC1206138A002A9F1E /* libsqlite3.dylib in Frameworks */ = {isa = PBXBuildFile; fileRef = 563C7BFB1206138A002A9F1E /* libsqlite3.dylib */; };
		563C7C51120624BE002A9F1E /* DataAccessHelper.m in Sources */ = {isa = PBXBuildFile; fileRef = 563C7C50120624BE002A9F1E /* DataAccessHelper.m */; };
		563C7C54120625E3002A9F1E /* Status.m in Sources */ = {isa = PBXBuildFile; fileRef = 563C7C53120625E3002A9F1E /* Status.m */; };
		5640027311B8C13100355A74 /* main.m in Sources */ = {isa = PBXBuildFile; fileRef = 5640027211B8C13100355A74 /* main.m */; };
		564EF07112076FAD00ED4523 /* Schema_Version_1.plist in Resources */ = {isa = PBXBuildFile; fileRef = 564EF07012076FAD00ED4523 /* Schema_Version_1.plist */; };
		566ADEE811B8BFBF00931CFD /* Person.m in Sources */ = {isa = PBXBuildFile; fileRef = 566ADEE511B8BFBF00931CFD /* Person.m */; };
		566ADEE911B8BFBF00931CFD /* SettingsViewController.m in Sources */ = {isa = PBXBuildFile; fileRef = 566ADEE711B8BFBF00931CFD /* SettingsViewController.m */; };
		56A8D21711CEEC4400BF541D /* FavoritesHelper.m in Sources */ = {isa = PBXBuildFile; fileRef = 56A8D21611CEEC4400BF541D /* FavoritesHelper.m */; };
		56A8D2FC11CEFF4400BF541D /* CredentialHelper.m in Sources */ = {isa = PBXBuildFile; fileRef = 56A8D2FB11CEFF4400BF541D /* CredentialHelper.m */; };
		56AA6D911207D0D3001A31E9 /* SchemaVersions.plist in Resources */ = {isa = PBXBuildFile; fileRef = 56AA6D901207D0D3001A31E9 /* SchemaVersions.plist */; };
		56AA6D931207D18C001A31E9 /* Schema_Version_2.plist in Resources */ = {isa = PBXBuildFile; fileRef = 56AA6D921207D18C001A31E9 /* Schema_Version_2.plist */; };
		56B897BD10B34DB400C7C5FF /* StatusViewController.m in Sources */ = {isa = PBXBuildFile; fileRef = 56B897BC10B34DB400C7C5FF /* StatusViewController.m */; };
		56C5613B10B2481E0014D33C /* NSObject+SBJSON.m in Sources */ = {isa = PBXBuildFile; fileRef = 56C5613610B2481E0014D33C /* NSObject+SBJSON.m */; };
		56C5613C10B2481E0014D33C /* NSString+SBJSON.m in Sources */ = {isa = PBXBuildFile; fileRef = 56C5613810B2481E0014D33C /* NSString+SBJSON.m */; };
		56C5613D10B2481E0014D33C /* SBJSON.m in Sources */ = {isa = PBXBuildFile; fileRef = 56C5613A10B2481E0014D33C /* SBJSON.m */; };
		56C5E76E123E6E520099F48D /* jQueryInject.txt in Resources */ = {isa = PBXBuildFile; fileRef = 56C5E734123E6E520099F48D /* jQueryInject.txt */; };
		56C5E76F123E6E520099F48D /* jQueryInjectLandscape.txt in Resources */ = {isa = PBXBuildFile; fileRef = 56C5E735123E6E520099F48D /* jQueryInjectLandscape.txt */; };
		56C5E770123E6E520099F48D /* libOAuth.a in Frameworks */ = {isa = PBXBuildFile; fileRef = 56C5E736123E6E520099F48D /* libOAuth.a */; };
		56C5E771123E6E520099F48D /* MGTwitterEngine.m in Sources */ = {isa = PBXBuildFile; fileRef = 56C5E749123E6E520099F48D /* MGTwitterEngine.m */; };
		56C5E772123E6E520099F48D /* MGTwitterHTTPURLConnection.m in Sources */ = {isa = PBXBuildFile; fileRef = 56C5E74D123E6E520099F48D /* MGTwitterHTTPURLConnection.m */; };
		56C5E773123E6E520099F48D /* MGTwitterLibXMLParser.m in Sources */ = {isa = PBXBuildFile; fileRef = 56C5E74F123E6E520099F48D /* MGTwitterLibXMLParser.m */; };
		56C5E774123E6E520099F48D /* MGTwitterMessagesLibXMLParser.m in Sources */ = {isa = PBXBuildFile; fileRef = 56C5E751123E6E520099F48D /* MGTwitterMessagesLibXMLParser.m */; };
		56C5E775123E6E520099F48D /* MGTwitterMessagesParser.m in Sources */ = {isa = PBXBuildFile; fileRef = 56C5E753123E6E520099F48D /* MGTwitterMessagesParser.m */; };
		56C5E776123E6E520099F48D /* MGTwitterMiscLibXMLParser.m in Sources */ = {isa = PBXBuildFile; fileRef = 56C5E755123E6E520099F48D /* MGTwitterMiscLibXMLParser.m */; };
		56C5E777123E6E520099F48D /* MGTwitterMiscParser.m in Sources */ = {isa = PBXBuildFile; fileRef = 56C5E757123E6E520099F48D /* MGTwitterMiscParser.m */; };
		56C5E778123E6E520099F48D /* MGTwitterStatusesLibXMLParser.m in Sources */ = {isa = PBXBuildFile; fileRef = 56C5E75B123E6E520099F48D /* MGTwitterStatusesLibXMLParser.m */; };
		56C5E779123E6E520099F48D /* MGTwitterStatusesParser.m in Sources */ = {isa = PBXBuildFile; fileRef = 56C5E75D123E6E520099F48D /* MGTwitterStatusesParser.m */; };
		56C5E77A123E6E520099F48D /* MGTwitterUsersLibXMLParser.m in Sources */ = {isa = PBXBuildFile; fileRef = 56C5E75F123E6E520099F48D /* MGTwitterUsersLibXMLParser.m */; };
		56C5E77B123E6E520099F48D /* MGTwitterUsersParser.m in Sources */ = {isa = PBXBuildFile; fileRef = 56C5E761123E6E520099F48D /* MGTwitterUsersParser.m */; };
		56C5E77C123E6E520099F48D /* MGTwitterXMLParser.m in Sources */ = {isa = PBXBuildFile; fileRef = 56C5E763123E6E520099F48D /* MGTwitterXMLParser.m */; };
		56C5E77D123E6E520099F48D /* NSData+Base64.m in Sources */ = {isa = PBXBuildFile; fileRef = 56C5E765123E6E520099F48D /* NSData+Base64.m */; };
		56C5E77E123E6E520099F48D /* NSString+UUID.m in Sources */ = {isa = PBXBuildFile; fileRef = 56C5E767123E6E520099F48D /* NSString+UUID.m */; };
		56C5E77F123E6E520099F48D /* SA_OAuthTwitterController.m in Sources */ = {isa = PBXBuildFile; fileRef = 56C5E76A123E6E520099F48D /* SA_OAuthTwitterController.m */; };
		56C5E780123E6E520099F48D /* SA_OAuthTwitterEngine.m in Sources */ = {isa = PBXBuildFile; fileRef = 56C5E76C123E6E520099F48D /* SA_OAuthTwitterEngine.m */; };
		56C5E781123E6E520099F48D /* twitter_load.png in Resources */ = {isa = PBXBuildFile; fileRef = 56C5E76D123E6E520099F48D /* twitter_load.png */; };
		56C5E79E123E6F230099F48D /* libxml2.dylib in Frameworks */ = {isa = PBXBuildFile; fileRef = 56C5E79D123E6F230099F48D /* libxml2.dylib */; };
		56C8E7BB11D0238F00B21D38 /* Default.png in Resources */ = {isa = PBXBuildFile; fileRef = 56C8E7B411D0238F00B21D38 /* Default.png */; };
		56C8E7BC11D0238F00B21D38 /* FavoritesIcon.png in Resources */ = {isa = PBXBuildFile; fileRef = 56C8E7B511D0238F00B21D38 /* FavoritesIcon.png */; };
		56C8E7BD11D0238F00B21D38 /* Icon.png in Resources */ = {isa = PBXBuildFile; fileRef = 56C8E7B611D0238F00B21D38 /* Icon.png */; };
		56C8E7BE11D0238F00B21D38 /* PeopleIcon.png in Resources */ = {isa = PBXBuildFile; fileRef = 56C8E7B711D0238F00B21D38 /* PeopleIcon.png */; };
		56C8E7BF11D0238F00B21D38 /* Placeholder.png in Resources */ = {isa = PBXBuildFile; fileRef = 56C8E7B811D0238F00B21D38 /* Placeholder.png */; };
		56C8E7C011D0238F00B21D38 /* SearchIcon.png in Resources */ = {isa = PBXBuildFile; fileRef = 56C8E7B911D0238F00B21D38 /* SearchIcon.png */; };
		56C8E7C111D0238F00B21D38 /* SettingsIcon.png in Resources */ = {isa = PBXBuildFile; fileRef = 56C8E7BA11D0238F00B21D38 /* SettingsIcon.png */; };
		56C8E7C511D023A600B21D38 /* ComposeStatusViewController.xib in Resources */ = {isa = PBXBuildFile; fileRef = 56C8E7C211D023A600B21D38 /* ComposeStatusViewController.xib */; };
		56C8E7C611D023A600B21D38 /* MainWindow.xib in Resources */ = {isa = PBXBuildFile; fileRef = 56C8E7C311D023A600B21D38 /* MainWindow.xib */; };
		56C8E7C711D023A600B21D38 /* SettingsViewController.xib in Resources */ = {isa = PBXBuildFile; fileRef = 56C8E7C411D023A600B21D38 /* SettingsViewController.xib */; };
		56DEC92B126D46AD002E4825 /* libiOSfmdb.a in Frameworks */ = {isa = PBXBuildFile; fileRef = 56DEC928126D466D002E4825 /* libiOSfmdb.a */; };
/* End PBXBuildFile section */

/* Begin PBXContainerItemProxy section */
		56DEC925126D466D002E4825 /* PBXContainerItemProxy */ = {
			isa = PBXContainerItemProxy;
			containerPortal = 56DEC91C126D466D002E4825 /* fmdb.xcodeproj */;
			proxyType = 2;
			remoteGlobalIDString = 8DD76FA10486AA7600D96B5E;
			remoteInfo = fmdb;
		};
		56DEC927126D466D002E4825 /* PBXContainerItemProxy */ = {
			isa = PBXContainerItemProxy;
			containerPortal = 56DEC91C126D466D002E4825 /* fmdb.xcodeproj */;
			proxyType = 2;
			remoteGlobalIDString = 5670FA98122371D1004E2BC2;
			remoteInfo = iOSfmdb;
		};
		56DEC929126D468C002E4825 /* PBXContainerItemProxy */ = {
			isa = PBXContainerItemProxy;
			containerPortal = 56DEC91C126D466D002E4825 /* fmdb.xcodeproj */;
			proxyType = 1;
			remoteGlobalIDString = 5670FA97122371D1004E2BC2;
			remoteInfo = iOSfmdb;
		};
/* End PBXContainerItemProxy section */

/* Begin PBXFileReference section */
		1D30AB110D05D00D00671497 /* Foundation.framework */ = {isa = PBXFileReference; lastKnownFileType = wrapper.framework; name = Foundation.framework; path = System/Library/Frameworks/Foundation.framework; sourceTree = SDKROOT; };
		1D3623240D0F684500981E51 /* PresenceAppDelegate.h */ = {isa = PBXFileReference; fileEncoding = 4; lastKnownFileType = sourcecode.c.h; path = PresenceAppDelegate.h; sourceTree = "<group>"; };
		1D3623250D0F684500981E51 /* PresenceAppDelegate.m */ = {isa = PBXFileReference; fileEncoding = 4; lastKnownFileType = sourcecode.c.objc; path = PresenceAppDelegate.m; sourceTree = "<group>"; };
		1D6058910D05DD3D006BFB54 /* Presence.app */ = {isa = PBXFileReference; explicitFileType = wrapper.application; includeInIndex = 0; path = Presence.app; sourceTree = BUILT_PRODUCTS_DIR; };
		1DF5F4DF0D08C38300B7A737 /* UIKit.framework */ = {isa = PBXFileReference; lastKnownFileType = wrapper.framework; name = UIKit.framework; path = System/Library/Frameworks/UIKit.framework; sourceTree = SDKROOT; };
		288765FC0DF74451002DB57D /* CoreGraphics.framework */ = {isa = PBXFileReference; lastKnownFileType = wrapper.framework; name = CoreGraphics.framework; path = System/Library/Frameworks/CoreGraphics.framework; sourceTree = SDKROOT; };
		32CA4F630368D1EE00C91783 /* Presence_Prefix.pch */ = {isa = PBXFileReference; fileEncoding = 4; lastKnownFileType = sourcecode.c.h; path = Presence_Prefix.pch; sourceTree = "<group>"; };
		560315A610ABA79A005F649A /* ListViewController.h */ = {isa = PBXFileReference; fileEncoding = 4; lastKnownFileType = sourcecode.c.h; path = ListViewController.h; sourceTree = "<group>"; };
		560315A710ABA79A005F649A /* ListViewController.m */ = {isa = PBXFileReference; fileEncoding = 4; lastKnownFileType = sourcecode.c.objc; path = ListViewController.m; sourceTree = "<group>"; };
		5616967211C5634300C07DEF /* FavoriteUsers.plist */ = {isa = PBXFileReference; fileEncoding = 4; lastKnownFileType = text.plist.xml; name = FavoriteUsers.plist; path = Resources/FavoriteUsers.plist; sourceTree = "<group>"; };
		561E9B6111BAE59F005A6BC8 /* en */ = {isa = PBXFileReference; fileEncoding = 4; lastKnownFileType = text.plist.strings; name = en; path = en.lproj/Localizable.strings; sourceTree = "<group>"; };
		561E9B6311BAE5AC005A6BC8 /* es */ = {isa = PBXFileReference; lastKnownFileType = text.plist.strings; name = es; path = es.lproj/Localizable.strings; sourceTree = "<group>"; };
		5623066911CC5C5D006F4713 /* ValidationHelper.h */ = {isa = PBXFileReference; fileEncoding = 4; lastKnownFileType = sourcecode.c.h; path = ValidationHelper.h; sourceTree = "<group>"; };
		562BCB0411CA7CD7001E4BA2 /* IconDownloader.h */ = {isa = PBXFileReference; fileEncoding = 4; lastKnownFileType = sourcecode.c.h; path = IconDownloader.h; sourceTree = "<group>"; };
		562BCB0511CA7CD7001E4BA2 /* IconDownloader.m */ = {isa = PBXFileReference; fileEncoding = 4; lastKnownFileType = sourcecode.c.objc; path = IconDownloader.m; sourceTree = "<group>"; };
		563329F911B761BF00BF4184 /* QuartzCore.framework */ = {isa = PBXFileReference; lastKnownFileType = wrapper.framework; name = QuartzCore.framework; path = System/Library/Frameworks/QuartzCore.framework; sourceTree = SDKROOT; };
		5638D04111B494CB00C9F272 /* ComposeStatusViewController.h */ = {isa = PBXFileReference; fileEncoding = 4; lastKnownFileType = sourcecode.c.h; path = ComposeStatusViewController.h; sourceTree = "<group>"; };
		5638D04211B494CB00C9F272 /* ComposeStatusViewController.m */ = {isa = PBXFileReference; fileEncoding = 4; lastKnownFileType = sourcecode.c.objc; path = ComposeStatusViewController.m; sourceTree = "<group>"; };
		563C65ED11B89639001430C9 /* PresenceContants.h */ = {isa = PBXFileReference; fileEncoding = 4; lastKnownFileType = sourcecode.c.h; path = PresenceContants.h; sourceTree = "<group>"; };
		563C65EE11B89639001430C9 /* PresenceContants.m */ = {isa = PBXFileReference; fileEncoding = 4; lastKnownFileType = sourcecode.c.objc; path = PresenceContants.m; sourceTree = "<group>"; };
		563C7BFB1206138A002A9F1E /* libsqlite3.dylib */ = {isa = PBXFileReference; lastKnownFileType = "compiled.mach-o.dylib"; name = libsqlite3.dylib; path = usr/lib/libsqlite3.dylib; sourceTree = SDKROOT; };
		563C7C4F120624BE002A9F1E /* DataAccessHelper.h */ = {isa = PBXFileReference; fileEncoding = 4; lastKnownFileType = sourcecode.c.h; path = DataAccessHelper.h; sourceTree = "<group>"; };
		563C7C50120624BE002A9F1E /* DataAccessHelper.m */ = {isa = PBXFileReference; fileEncoding = 4; lastKnownFileType = sourcecode.c.objc; path = DataAccessHelper.m; sourceTree = "<group>"; };
		563C7C52120625E3002A9F1E /* Status.h */ = {isa = PBXFileReference; fileEncoding = 4; lastKnownFileType = sourcecode.c.h; path = Status.h; sourceTree = "<group>"; };
		563C7C53120625E3002A9F1E /* Status.m */ = {isa = PBXFileReference; fileEncoding = 4; lastKnownFileType = sourcecode.c.objc; path = Status.m; sourceTree = "<group>"; };
		5640027211B8C13100355A74 /* main.m */ = {isa = PBXFileReference; fileEncoding = 4; lastKnownFileType = sourcecode.c.objc; name = main.m; path = Classes/main.m; sourceTree = "<group>"; };
		564EF07012076FAD00ED4523 /* Schema_Version_1.plist */ = {isa = PBXFileReference; fileEncoding = 4; lastKnownFileType = text.plist.xml; name = Schema_Version_1.plist; path = Resources/Database/Schema_Version_1.plist; sourceTree = "<group>"; };
		566ADEE411B8BFBF00931CFD /* Person.h */ = {isa = PBXFileReference; fileEncoding = 4; lastKnownFileType = sourcecode.c.h; path = Person.h; sourceTree = "<group>"; };
		566ADEE511B8BFBF00931CFD /* Person.m */ = {isa = PBXFileReference; fileEncoding = 4; lastKnownFileType = sourcecode.c.objc; path = Person.m; sourceTree = "<group>"; };
		566ADEE611B8BFBF00931CFD /* SettingsViewController.h */ = {isa = PBXFileReference; fileEncoding = 4; lastKnownFileType = sourcecode.c.h; path = SettingsViewController.h; sourceTree = "<group>"; };
		566ADEE711B8BFBF00931CFD /* SettingsViewController.m */ = {isa = PBXFileReference; fileEncoding = 4; lastKnownFileType = sourcecode.c.objc; path = SettingsViewController.m; sourceTree = "<group>"; };
		56A8D21511CEEC4400BF541D /* FavoritesHelper.h */ = {isa = PBXFileReference; fileEncoding = 4; lastKnownFileType = sourcecode.c.h; path = FavoritesHelper.h; sourceTree = "<group>"; };
		56A8D21611CEEC4400BF541D /* FavoritesHelper.m */ = {isa = PBXFileReference; fileEncoding = 4; lastKnownFileType = sourcecode.c.objc; path = FavoritesHelper.m; sourceTree = "<group>"; };
		56A8D2FA11CEFF4400BF541D /* CredentialHelper.h */ = {isa = PBXFileReference; fileEncoding = 4; lastKnownFileType = sourcecode.c.h; path = CredentialHelper.h; sourceTree = "<group>"; };
		56A8D2FB11CEFF4400BF541D /* CredentialHelper.m */ = {isa = PBXFileReference; fileEncoding = 4; lastKnownFileType = sourcecode.c.objc; path = CredentialHelper.m; sourceTree = "<group>"; };
		56AA6D901207D0D3001A31E9 /* SchemaVersions.plist */ = {isa = PBXFileReference; fileEncoding = 4; lastKnownFileType = text.plist.xml; name = SchemaVersions.plist; path = Resources/Database/SchemaVersions.plist; sourceTree = "<group>"; };
		56AA6D921207D18C001A31E9 /* Schema_Version_2.plist */ = {isa = PBXFileReference; fileEncoding = 4; lastKnownFileType = text.plist.xml; name = Schema_Version_2.plist; path = Resources/Database/Schema_Version_2.plist; sourceTree = "<group>"; };
		56B897BB10B34DB400C7C5FF /* StatusViewController.h */ = {isa = PBXFileReference; fileEncoding = 4; lastKnownFileType = sourcecode.c.h; path = StatusViewController.h; sourceTree = "<group>"; };
		56B897BC10B34DB400C7C5FF /* StatusViewController.m */ = {isa = PBXFileReference; fileEncoding = 4; lastKnownFileType = sourcecode.c.objc; path = StatusViewController.m; sourceTree = "<group>"; };
		56C5613410B2481E0014D33C /* JSON.h */ = {isa = PBXFileReference; fileEncoding = 4; lastKnownFileType = sourcecode.c.h; path = JSON.h; sourceTree = "<group>"; };
		56C5613510B2481E0014D33C /* NSObject+SBJSON.h */ = {isa = PBXFileReference; fileEncoding = 4; lastKnownFileType = sourcecode.c.h; path = "NSObject+SBJSON.h"; sourceTree = "<group>"; };
		56C5613610B2481E0014D33C /* NSObject+SBJSON.m */ = {isa = PBXFileReference; fileEncoding = 4; lastKnownFileType = sourcecode.c.objc; path = "NSObject+SBJSON.m"; sourceTree = "<group>"; };
		56C5613710B2481E0014D33C /* NSString+SBJSON.h */ = {isa = PBXFileReference; fileEncoding = 4; lastKnownFileType = sourcecode.c.h; path = "NSString+SBJSON.h"; sourceTree = "<group>"; };
		56C5613810B2481E0014D33C /* NSString+SBJSON.m */ = {isa = PBXFileReference; fileEncoding = 4; lastKnownFileType = sourcecode.c.objc; path = "NSString+SBJSON.m"; sourceTree = "<group>"; };
		56C5613910B2481E0014D33C /* SBJSON.h */ = {isa = PBXFileReference; fileEncoding = 4; lastKnownFileType = sourcecode.c.h; path = SBJSON.h; sourceTree = "<group>"; };
		56C5613A10B2481E0014D33C /* SBJSON.m */ = {isa = PBXFileReference; fileEncoding = 4; lastKnownFileType = sourcecode.c.objc; path = SBJSON.m; sourceTree = "<group>"; };
		56C5E734123E6E520099F48D /* jQueryInject.txt */ = {isa = PBXFileReference; fileEncoding = 4; lastKnownFileType = text; path = jQueryInject.txt; sourceTree = "<group>"; };
		56C5E735123E6E520099F48D /* jQueryInjectLandscape.txt */ = {isa = PBXFileReference; fileEncoding = 4; lastKnownFileType = text; path = jQueryInjectLandscape.txt; sourceTree = "<group>"; };
		56C5E736123E6E520099F48D /* libOAuth.a */ = {isa = PBXFileReference; lastKnownFileType = archive.ar; path = libOAuth.a; sourceTree = "<group>"; };
		56C5E738123E6E520099F48D /* NSMutableURLRequest+Parameters.h */ = {isa = PBXFileReference; fileEncoding = 4; lastKnownFileType = sourcecode.c.h; path = "NSMutableURLRequest+Parameters.h"; sourceTree = "<group>"; };
		56C5E739123E6E520099F48D /* NSString+URLEncoding.h */ = {isa = PBXFileReference; fileEncoding = 4; lastKnownFileType = sourcecode.c.h; path = "NSString+URLEncoding.h"; sourceTree = "<group>"; };
		56C5E73A123E6E520099F48D /* NSURL+Base.h */ = {isa = PBXFileReference; fileEncoding = 4; lastKnownFileType = sourcecode.c.h; path = "NSURL+Base.h"; sourceTree = "<group>"; };
		56C5E73B123E6E520099F48D /* OAAsynchronousDataFetcher.h */ = {isa = PBXFileReference; fileEncoding = 4; lastKnownFileType = sourcecode.c.h; path = OAAsynchronousDataFetcher.h; sourceTree = "<group>"; };
		56C5E73C123E6E520099F48D /* OAConsumer.h */ = {isa = PBXFileReference; fileEncoding = 4; lastKnownFileType = sourcecode.c.h; path = OAConsumer.h; sourceTree = "<group>"; };
		56C5E73D123E6E520099F48D /* OADataFetcher.h */ = {isa = PBXFileReference; fileEncoding = 4; lastKnownFileType = sourcecode.c.h; path = OADataFetcher.h; sourceTree = "<group>"; };
		56C5E73E123E6E520099F48D /* OAHMAC_SHA1SignatureProvider.h */ = {isa = PBXFileReference; fileEncoding = 4; lastKnownFileType = sourcecode.c.h; path = OAHMAC_SHA1SignatureProvider.h; sourceTree = "<group>"; };
		56C5E73F123E6E520099F48D /* OAMutableURLRequest.h */ = {isa = PBXFileReference; fileEncoding = 4; lastKnownFileType = sourcecode.c.h; path = OAMutableURLRequest.h; sourceTree = "<group>"; };
		56C5E740123E6E520099F48D /* OAPlaintextSignatureProvider.h */ = {isa = PBXFileReference; fileEncoding = 4; lastKnownFileType = sourcecode.c.h; path = OAPlaintextSignatureProvider.h; sourceTree = "<group>"; };
		56C5E741123E6E520099F48D /* OARequestParameter.h */ = {isa = PBXFileReference; fileEncoding = 4; lastKnownFileType = sourcecode.c.h; path = OARequestParameter.h; sourceTree = "<group>"; };
		56C5E742123E6E520099F48D /* OAServiceTicket.h */ = {isa = PBXFileReference; fileEncoding = 4; lastKnownFileType = sourcecode.c.h; path = OAServiceTicket.h; sourceTree = "<group>"; };
		56C5E743123E6E520099F48D /* OASignatureProviding.h */ = {isa = PBXFileReference; fileEncoding = 4; lastKnownFileType = sourcecode.c.h; path = OASignatureProviding.h; sourceTree = "<group>"; };
		56C5E744123E6E520099F48D /* OAToken.h */ = {isa = PBXFileReference; fileEncoding = 4; lastKnownFileType = sourcecode.c.h; path = OAToken.h; sourceTree = "<group>"; };
		56C5E745123E6E520099F48D /* OAToken_KeychainExtensions.h */ = {isa = PBXFileReference; fileEncoding = 4; lastKnownFileType = sourcecode.c.h; path = OAToken_KeychainExtensions.h; sourceTree = "<group>"; };
		56C5E746123E6E520099F48D /* OAuthConsumer.h */ = {isa = PBXFileReference; fileEncoding = 4; lastKnownFileType = sourcecode.c.h; path = OAuthConsumer.h; sourceTree = "<group>"; };
		56C5E748123E6E520099F48D /* MGTwitterEngine.h */ = {isa = PBXFileReference; fileEncoding = 4; lastKnownFileType = sourcecode.c.h; path = MGTwitterEngine.h; sourceTree = "<group>"; };
		56C5E749123E6E520099F48D /* MGTwitterEngine.m */ = {isa = PBXFileReference; fileEncoding = 4; lastKnownFileType = sourcecode.c.objc; path = MGTwitterEngine.m; sourceTree = "<group>"; };
		56C5E74A123E6E520099F48D /* MGTwitterEngineDelegate.h */ = {isa = PBXFileReference; fileEncoding = 4; lastKnownFileType = sourcecode.c.h; path = MGTwitterEngineDelegate.h; sourceTree = "<group>"; };
		56C5E74B123E6E520099F48D /* MGTwitterEngineGlobalHeader.h */ = {isa = PBXFileReference; fileEncoding = 4; lastKnownFileType = sourcecode.c.h; path = MGTwitterEngineGlobalHeader.h; sourceTree = "<group>"; };
		56C5E74C123E6E520099F48D /* MGTwitterHTTPURLConnection.h */ = {isa = PBXFileReference; fileEncoding = 4; lastKnownFileType = sourcecode.c.h; path = MGTwitterHTTPURLConnection.h; sourceTree = "<group>"; };
		56C5E74D123E6E520099F48D /* MGTwitterHTTPURLConnection.m */ = {isa = PBXFileReference; fileEncoding = 4; lastKnownFileType = sourcecode.c.objc; path = MGTwitterHTTPURLConnection.m; sourceTree = "<group>"; };
		56C5E74E123E6E520099F48D /* MGTwitterLibXMLParser.h */ = {isa = PBXFileReference; fileEncoding = 4; lastKnownFileType = sourcecode.c.h; path = MGTwitterLibXMLParser.h; sourceTree = "<group>"; };
		56C5E74F123E6E520099F48D /* MGTwitterLibXMLParser.m */ = {isa = PBXFileReference; fileEncoding = 4; lastKnownFileType = sourcecode.c.objc; path = MGTwitterLibXMLParser.m; sourceTree = "<group>"; };
		56C5E750123E6E520099F48D /* MGTwitterMessagesLibXMLParser.h */ = {isa = PBXFileReference; fileEncoding = 4; lastKnownFileType = sourcecode.c.h; path = MGTwitterMessagesLibXMLParser.h; sourceTree = "<group>"; };
		56C5E751123E6E520099F48D /* MGTwitterMessagesLibXMLParser.m */ = {isa = PBXFileReference; fileEncoding = 4; lastKnownFileType = sourcecode.c.objc; path = MGTwitterMessagesLibXMLParser.m; sourceTree = "<group>"; };
		56C5E752123E6E520099F48D /* MGTwitterMessagesParser.h */ = {isa = PBXFileReference; fileEncoding = 4; lastKnownFileType = sourcecode.c.h; path = MGTwitterMessagesParser.h; sourceTree = "<group>"; };
		56C5E753123E6E520099F48D /* MGTwitterMessagesParser.m */ = {isa = PBXFileReference; fileEncoding = 4; lastKnownFileType = sourcecode.c.objc; path = MGTwitterMessagesParser.m; sourceTree = "<group>"; };
		56C5E754123E6E520099F48D /* MGTwitterMiscLibXMLParser.h */ = {isa = PBXFileReference; fileEncoding = 4; lastKnownFileType = sourcecode.c.h; path = MGTwitterMiscLibXMLParser.h; sourceTree = "<group>"; };
		56C5E755123E6E520099F48D /* MGTwitterMiscLibXMLParser.m */ = {isa = PBXFileReference; fileEncoding = 4; lastKnownFileType = sourcecode.c.objc; path = MGTwitterMiscLibXMLParser.m; sourceTree = "<group>"; };
		56C5E756123E6E520099F48D /* MGTwitterMiscParser.h */ = {isa = PBXFileReference; fileEncoding = 4; lastKnownFileType = sourcecode.c.h; path = MGTwitterMiscParser.h; sourceTree = "<group>"; };
		56C5E757123E6E520099F48D /* MGTwitterMiscParser.m */ = {isa = PBXFileReference; fileEncoding = 4; lastKnownFileType = sourcecode.c.objc; path = MGTwitterMiscParser.m; sourceTree = "<group>"; };
		56C5E758123E6E520099F48D /* MGTwitterParserDelegate.h */ = {isa = PBXFileReference; fileEncoding = 4; lastKnownFileType = sourcecode.c.h; path = MGTwitterParserDelegate.h; sourceTree = "<group>"; };
		56C5E759123E6E520099F48D /* MGTwitterRequestTypes.h */ = {isa = PBXFileReference; fileEncoding = 4; lastKnownFileType = sourcecode.c.h; path = MGTwitterRequestTypes.h; sourceTree = "<group>"; };
		56C5E75A123E6E520099F48D /* MGTwitterStatusesLibXMLParser.h */ = {isa = PBXFileReference; fileEncoding = 4; lastKnownFileType = sourcecode.c.h; path = MGTwitterStatusesLibXMLParser.h; sourceTree = "<group>"; };
		56C5E75B123E6E520099F48D /* MGTwitterStatusesLibXMLParser.m */ = {isa = PBXFileReference; fileEncoding = 4; lastKnownFileType = sourcecode.c.objc; path = MGTwitterStatusesLibXMLParser.m; sourceTree = "<group>"; };
		56C5E75C123E6E520099F48D /* MGTwitterStatusesParser.h */ = {isa = PBXFileReference; fileEncoding = 4; lastKnownFileType = sourcecode.c.h; path = MGTwitterStatusesParser.h; sourceTree = "<group>"; };
		56C5E75D123E6E520099F48D /* MGTwitterStatusesParser.m */ = {isa = PBXFileReference; fileEncoding = 4; lastKnownFileType = sourcecode.c.objc; path = MGTwitterStatusesParser.m; sourceTree = "<group>"; };
		56C5E75E123E6E520099F48D /* MGTwitterUsersLibXMLParser.h */ = {isa = PBXFileReference; fileEncoding = 4; lastKnownFileType = sourcecode.c.h; path = MGTwitterUsersLibXMLParser.h; sourceTree = "<group>"; };
		56C5E75F123E6E520099F48D /* MGTwitterUsersLibXMLParser.m */ = {isa = PBXFileReference; fileEncoding = 4; lastKnownFileType = sourcecode.c.objc; path = MGTwitterUsersLibXMLParser.m; sourceTree = "<group>"; };
		56C5E760123E6E520099F48D /* MGTwitterUsersParser.h */ = {isa = PBXFileReference; fileEncoding = 4; lastKnownFileType = sourcecode.c.h; path = MGTwitterUsersParser.h; sourceTree = "<group>"; };
		56C5E761123E6E520099F48D /* MGTwitterUsersParser.m */ = {isa = PBXFileReference; fileEncoding = 4; lastKnownFileType = sourcecode.c.objc; path = MGTwitterUsersParser.m; sourceTree = "<group>"; };
		56C5E762123E6E520099F48D /* MGTwitterXMLParser.h */ = {isa = PBXFileReference; fileEncoding = 4; lastKnownFileType = sourcecode.c.h; path = MGTwitterXMLParser.h; sourceTree = "<group>"; };
		56C5E763123E6E520099F48D /* MGTwitterXMLParser.m */ = {isa = PBXFileReference; fileEncoding = 4; lastKnownFileType = sourcecode.c.objc; path = MGTwitterXMLParser.m; sourceTree = "<group>"; };
		56C5E764123E6E520099F48D /* NSData+Base64.h */ = {isa = PBXFileReference; fileEncoding = 4; lastKnownFileType = sourcecode.c.h; path = "NSData+Base64.h"; sourceTree = "<group>"; };
		56C5E765123E6E520099F48D /* NSData+Base64.m */ = {isa = PBXFileReference; fileEncoding = 4; lastKnownFileType = sourcecode.c.objc; path = "NSData+Base64.m"; sourceTree = "<group>"; };
		56C5E766123E6E520099F48D /* NSString+UUID.h */ = {isa = PBXFileReference; fileEncoding = 4; lastKnownFileType = sourcecode.c.h; path = "NSString+UUID.h"; sourceTree = "<group>"; };
		56C5E767123E6E520099F48D /* NSString+UUID.m */ = {isa = PBXFileReference; fileEncoding = 4; lastKnownFileType = sourcecode.c.objc; path = "NSString+UUID.m"; sourceTree = "<group>"; };
		56C5E769123E6E520099F48D /* SA_OAuthTwitterController.h */ = {isa = PBXFileReference; fileEncoding = 4; lastKnownFileType = sourcecode.c.h; path = SA_OAuthTwitterController.h; sourceTree = "<group>"; };
		56C5E76A123E6E520099F48D /* SA_OAuthTwitterController.m */ = {isa = PBXFileReference; fileEncoding = 4; lastKnownFileType = sourcecode.c.objc; path = SA_OAuthTwitterController.m; sourceTree = "<group>"; };
		56C5E76B123E6E520099F48D /* SA_OAuthTwitterEngine.h */ = {isa = PBXFileReference; fileEncoding = 4; lastKnownFileType = sourcecode.c.h; path = SA_OAuthTwitterEngine.h; sourceTree = "<group>"; };
		56C5E76C123E6E520099F48D /* SA_OAuthTwitterEngine.m */ = {isa = PBXFileReference; fileEncoding = 4; lastKnownFileType = sourcecode.c.objc; path = SA_OAuthTwitterEngine.m; sourceTree = "<group>"; };
		56C5E76D123E6E520099F48D /* twitter_load.png */ = {isa = PBXFileReference; lastKnownFileType = image.png; path = twitter_load.png; sourceTree = "<group>"; };
		56C5E79D123E6F230099F48D /* libxml2.dylib */ = {isa = PBXFileReference; lastKnownFileType = "compiled.mach-o.dylib"; name = libxml2.dylib; path = usr/lib/libxml2.dylib; sourceTree = SDKROOT; };
		56C8E7B411D0238F00B21D38 /* Default.png */ = {isa = PBXFileReference; lastKnownFileType = image.png; name = Default.png; path = Resources/Images/Default.png; sourceTree = "<group>"; };
		56C8E7B511D0238F00B21D38 /* FavoritesIcon.png */ = {isa = PBXFileReference; lastKnownFileType = image.png; name = FavoritesIcon.png; path = Resources/Images/FavoritesIcon.png; sourceTree = "<group>"; };
		56C8E7B611D0238F00B21D38 /* Icon.png */ = {isa = PBXFileReference; lastKnownFileType = image.png; name = Icon.png; path = Resources/Images/Icon.png; sourceTree = "<group>"; };
		56C8E7B711D0238F00B21D38 /* PeopleIcon.png */ = {isa = PBXFileReference; lastKnownFileType = image.png; name = PeopleIcon.png; path = Resources/Images/PeopleIcon.png; sourceTree = "<group>"; };
		56C8E7B811D0238F00B21D38 /* Placeholder.png */ = {isa = PBXFileReference; lastKnownFileType = image.png; name = Placeholder.png; path = Resources/Images/Placeholder.png; sourceTree = "<group>"; };
		56C8E7B911D0238F00B21D38 /* SearchIcon.png */ = {isa = PBXFileReference; lastKnownFileType = image.png; name = SearchIcon.png; path = Resources/Images/SearchIcon.png; sourceTree = "<group>"; };
		56C8E7BA11D0238F00B21D38 /* SettingsIcon.png */ = {isa = PBXFileReference; lastKnownFileType = image.png; name = SettingsIcon.png; path = Resources/Images/SettingsIcon.png; sourceTree = "<group>"; };
		56C8E7C211D023A600B21D38 /* ComposeStatusViewController.xib */ = {isa = PBXFileReference; lastKnownFileType = file.xib; name = ComposeStatusViewController.xib; path = Resources/Nibs/ComposeStatusViewController.xib; sourceTree = "<group>"; };
		56C8E7C311D023A600B21D38 /* MainWindow.xib */ = {isa = PBXFileReference; lastKnownFileType = file.xib; name = MainWindow.xib; path = Resources/Nibs/MainWindow.xib; sourceTree = "<group>"; };
		56C8E7C411D023A600B21D38 /* SettingsViewController.xib */ = {isa = PBXFileReference; lastKnownFileType = file.xib; name = SettingsViewController.xib; path = Resources/Nibs/SettingsViewController.xib; sourceTree = "<group>"; };
		56DEC91C126D466D002E4825 /* fmdb.xcodeproj */ = {isa = PBXFileReference; lastKnownFileType = "wrapper.pb-project"; name = fmdb.xcodeproj; path = External/fmdb/fmdb.xcodeproj; sourceTree = "<group>"; };
		8D1107310486CEB800E47090 /* Presence-Info.plist */ = {isa = PBXFileReference; fileEncoding = 4; lastKnownFileType = text.plist.xml; path = "Presence-Info.plist"; plistStructureDefinitionIdentifier = "com.apple.xcode.plist.structure-definition.iphone.info-plist"; sourceTree = "<group>"; };
/* End PBXFileReference section */

/* Begin PBXFrameworksBuildPhase section */
		1D60588F0D05DD3D006BFB54 /* Frameworks */ = {
			isa = PBXFrameworksBuildPhase;
			buildActionMask = 2147483647;
			files = (
				56DEC92B126D46AD002E4825 /* libiOSfmdb.a in Frameworks */,
				1D60589F0D05DD5A006BFB54 /* Foundation.framework in Frameworks */,
				1DF5F4E00D08C38300B7A737 /* UIKit.framework in Frameworks */,
				288765FD0DF74451002DB57D /* CoreGraphics.framework in Frameworks */,
				563329FA11B761BF00BF4184 /* QuartzCore.framework in Frameworks */,
				563C7BFC1206138A002A9F1E /* libsqlite3.dylib in Frameworks */,
				56C5E770123E6E520099F48D /* libOAuth.a in Frameworks */,
				56C5E79E123E6F230099F48D /* libxml2.dylib in Frameworks */,
			);
			runOnlyForDeploymentPostprocessing = 0;
		};
/* End PBXFrameworksBuildPhase section */

/* Begin PBXGroup section */
		080E96DDFE201D6D7F000001 /* Classes */ = {
			isa = PBXGroup;
			children = (
				562BCB6911CAA287001E4BA2 /* Constants */,
				562BCB6811CAA26A001E4BA2 /* Helper */,
				562BCB6711CAA25A001E4BA2 /* Model */,
				562BCB6611CAA223001E4BA2 /* ViewController */,
				1D3623240D0F684500981E51 /* PresenceAppDelegate.h */,
				1D3623250D0F684500981E51 /* PresenceAppDelegate.m */,
			);
			path = Classes;
			sourceTree = "<group>";
		};
		19C28FACFE9D520D11CA2CBB /* Products */ = {
			isa = PBXGroup;
			children = (
				1D6058910D05DD3D006BFB54 /* Presence.app */,
			);
			name = Products;
			sourceTree = "<group>";
		};
		29B97314FDCFA39411CA2CEA /* CustomTemplate */ = {
			isa = PBXGroup;
			children = (
				56C5E732123E6E520099F48D /* Twitter+OAuth */,
				56DEC91A126D4643002E4825 /* External */,
				56C5613310B2481E0014D33C /* JSON */,
				080E96DDFE201D6D7F000001 /* Classes */,
				29B97315FDCFA39411CA2CEA /* Other Sources */,
				29B97317FDCFA39411CA2CEA /* Resources */,
				29B97323FDCFA39411CA2CEA /* Frameworks */,
				19C28FACFE9D520D11CA2CBB /* Products */,
			);
			name = CustomTemplate;
			sourceTree = "<group>";
		};
		29B97315FDCFA39411CA2CEA /* Other Sources */ = {
			isa = PBXGroup;
			children = (
				5640027211B8C13100355A74 /* main.m */,
				32CA4F630368D1EE00C91783 /* Presence_Prefix.pch */,
			);
			name = "Other Sources";
			sourceTree = "<group>";
		};
		29B97317FDCFA39411CA2CEA /* Resources */ = {
			isa = PBXGroup;
			children = (
				563C7C3112061E70002A9F1E /* Database */,
				56C8E7A611D0237400B21D38 /* Images */,
				56C8E7A511D0236B00B21D38 /* Nibs */,
				5616967211C5634300C07DEF /* FavoriteUsers.plist */,
				561E9B6011BAE59F005A6BC8 /* Localizable.strings */,
				8D1107310486CEB800E47090 /* Presence-Info.plist */,
			);
			name = Resources;
			sourceTree = "<group>";
		};
		29B97323FDCFA39411CA2CEA /* Frameworks */ = {
			isa = PBXGroup;
			children = (
				563329F911B761BF00BF4184 /* QuartzCore.framework */,
				1DF5F4DF0D08C38300B7A737 /* UIKit.framework */,
				1D30AB110D05D00D00671497 /* Foundation.framework */,
				288765FC0DF74451002DB57D /* CoreGraphics.framework */,
				563C7BFB1206138A002A9F1E /* libsqlite3.dylib */,
				56C5E79D123E6F230099F48D /* libxml2.dylib */,
			);
			name = Frameworks;
			sourceTree = "<group>";
		};
		562BCB6611CAA223001E4BA2 /* ViewController */ = {
			isa = PBXGroup;
			children = (
				5638D04111B494CB00C9F272 /* ComposeStatusViewController.h */,
				5638D04211B494CB00C9F272 /* ComposeStatusViewController.m */,
				560315A610ABA79A005F649A /* ListViewController.h */,
				560315A710ABA79A005F649A /* ListViewController.m */,
				566ADEE611B8BFBF00931CFD /* SettingsViewController.h */,
				566ADEE711B8BFBF00931CFD /* SettingsViewController.m */,
				56B897BB10B34DB400C7C5FF /* StatusViewController.h */,
				56B897BC10B34DB400C7C5FF /* StatusViewController.m */,
			);
			name = ViewController;
			sourceTree = "<group>";
		};
		562BCB6711CAA25A001E4BA2 /* Model */ = {
			isa = PBXGroup;
			children = (
				566ADEE411B8BFBF00931CFD /* Person.h */,
				566ADEE511B8BFBF00931CFD /* Person.m */,
				563C7C52120625E3002A9F1E /* Status.h */,
				563C7C53120625E3002A9F1E /* Status.m */,
			);
			name = Model;
			sourceTree = "<group>";
		};
		562BCB6811CAA26A001E4BA2 /* Helper */ = {
			isa = PBXGroup;
			children = (
				562BCB0411CA7CD7001E4BA2 /* IconDownloader.h */,
				562BCB0511CA7CD7001E4BA2 /* IconDownloader.m */,
				5623066911CC5C5D006F4713 /* ValidationHelper.h */,
				56A8D21511CEEC4400BF541D /* FavoritesHelper.h */,
				56A8D21611CEEC4400BF541D /* FavoritesHelper.m */,
				56A8D2FA11CEFF4400BF541D /* CredentialHelper.h */,
				56A8D2FB11CEFF4400BF541D /* CredentialHelper.m */,
				563C7C4F120624BE002A9F1E /* DataAccessHelper.h */,
				563C7C50120624BE002A9F1E /* DataAccessHelper.m */,
			);
			name = Helper;
			sourceTree = "<group>";
		};
		562BCB6911CAA287001E4BA2 /* Constants */ = {
			isa = PBXGroup;
			children = (
				563C65ED11B89639001430C9 /* PresenceContants.h */,
				563C65EE11B89639001430C9 /* PresenceContants.m */,
			);
			name = Constants;
			sourceTree = "<group>";
		};
		563C7C3112061E70002A9F1E /* Database */ = {
			isa = PBXGroup;
			children = (
				56AA6D901207D0D3001A31E9 /* SchemaVersions.plist */,
				564EF07012076FAD00ED4523 /* Schema_Version_1.plist */,
				56AA6D921207D18C001A31E9 /* Schema_Version_2.plist */,
			);
			name = Database;
			sourceTree = "<group>";
		};
		56C5613310B2481E0014D33C /* JSON */ = {
			isa = PBXGroup;
			children = (
				56C5613410B2481E0014D33C /* JSON.h */,
				56C5613510B2481E0014D33C /* NSObject+SBJSON.h */,
				56C5613610B2481E0014D33C /* NSObject+SBJSON.m */,
				56C5613710B2481E0014D33C /* NSString+SBJSON.h */,
				56C5613810B2481E0014D33C /* NSString+SBJSON.m */,
				56C5613910B2481E0014D33C /* SBJSON.h */,
				56C5613A10B2481E0014D33C /* SBJSON.m */,
			);
			path = JSON;
			sourceTree = "<group>";
		};
		56C5E732123E6E520099F48D /* Twitter+OAuth */ = {
			isa = PBXGroup;
			children = (
				56C5E733123E6E520099F48D /* Libraries & Headers */,
				56C5E747123E6E520099F48D /* MGTwitterEngine */,
				56C5E768123E6E520099F48D /* SAOAuthTwitterEngine */,
			);
			path = "Twitter+OAuth";
			sourceTree = "<group>";
		};
		56C5E733123E6E520099F48D /* Libraries & Headers */ = {
			isa = PBXGroup;
			children = (
				56C5E734123E6E520099F48D /* jQueryInject.txt */,
				56C5E735123E6E520099F48D /* jQueryInjectLandscape.txt */,
				56C5E736123E6E520099F48D /* libOAuth.a */,
				56C5E737123E6E520099F48D /* OAuthConsumer */,
			);
			path = "Libraries & Headers";
			sourceTree = "<group>";
		};
		56C5E737123E6E520099F48D /* OAuthConsumer */ = {
			isa = PBXGroup;
			children = (
				56C5E738123E6E520099F48D /* NSMutableURLRequest+Parameters.h */,
				56C5E739123E6E520099F48D /* NSString+URLEncoding.h */,
				56C5E73A123E6E520099F48D /* NSURL+Base.h */,
				56C5E73B123E6E520099F48D /* OAAsynchronousDataFetcher.h */,
				56C5E73C123E6E520099F48D /* OAConsumer.h */,
				56C5E73D123E6E520099F48D /* OADataFetcher.h */,
				56C5E73E123E6E520099F48D /* OAHMAC_SHA1SignatureProvider.h */,
				56C5E73F123E6E520099F48D /* OAMutableURLRequest.h */,
				56C5E740123E6E520099F48D /* OAPlaintextSignatureProvider.h */,
				56C5E741123E6E520099F48D /* OARequestParameter.h */,
				56C5E742123E6E520099F48D /* OAServiceTicket.h */,
				56C5E743123E6E520099F48D /* OASignatureProviding.h */,
				56C5E744123E6E520099F48D /* OAToken.h */,
				56C5E745123E6E520099F48D /* OAToken_KeychainExtensions.h */,
				56C5E746123E6E520099F48D /* OAuthConsumer.h */,
			);
			path = OAuthConsumer;
			sourceTree = "<group>";
		};
		56C5E747123E6E520099F48D /* MGTwitterEngine */ = {
			isa = PBXGroup;
			children = (
				56C5E748123E6E520099F48D /* MGTwitterEngine.h */,
				56C5E749123E6E520099F48D /* MGTwitterEngine.m */,
				56C5E74A123E6E520099F48D /* MGTwitterEngineDelegate.h */,
				56C5E74B123E6E520099F48D /* MGTwitterEngineGlobalHeader.h */,
				56C5E74C123E6E520099F48D /* MGTwitterHTTPURLConnection.h */,
				56C5E74D123E6E520099F48D /* MGTwitterHTTPURLConnection.m */,
				56C5E74E123E6E520099F48D /* MGTwitterLibXMLParser.h */,
				56C5E74F123E6E520099F48D /* MGTwitterLibXMLParser.m */,
				56C5E750123E6E520099F48D /* MGTwitterMessagesLibXMLParser.h */,
				56C5E751123E6E520099F48D /* MGTwitterMessagesLibXMLParser.m */,
				56C5E752123E6E520099F48D /* MGTwitterMessagesParser.h */,
				56C5E753123E6E520099F48D /* MGTwitterMessagesParser.m */,
				56C5E754123E6E520099F48D /* MGTwitterMiscLibXMLParser.h */,
				56C5E755123E6E520099F48D /* MGTwitterMiscLibXMLParser.m */,
				56C5E756123E6E520099F48D /* MGTwitterMiscParser.h */,
				56C5E757123E6E520099F48D /* MGTwitterMiscParser.m */,
				56C5E758123E6E520099F48D /* MGTwitterParserDelegate.h */,
				56C5E759123E6E520099F48D /* MGTwitterRequestTypes.h */,
				56C5E75A123E6E520099F48D /* MGTwitterStatusesLibXMLParser.h */,
				56C5E75B123E6E520099F48D /* MGTwitterStatusesLibXMLParser.m */,
				56C5E75C123E6E520099F48D /* MGTwitterStatusesParser.h */,
				56C5E75D123E6E520099F48D /* MGTwitterStatusesParser.m */,
				56C5E75E123E6E520099F48D /* MGTwitterUsersLibXMLParser.h */,
				56C5E75F123E6E520099F48D /* MGTwitterUsersLibXMLParser.m */,
				56C5E760123E6E520099F48D /* MGTwitterUsersParser.h */,
				56C5E761123E6E520099F48D /* MGTwitterUsersParser.m */,
				56C5E762123E6E520099F48D /* MGTwitterXMLParser.h */,
				56C5E763123E6E520099F48D /* MGTwitterXMLParser.m */,
				56C5E764123E6E520099F48D /* NSData+Base64.h */,
				56C5E765123E6E520099F48D /* NSData+Base64.m */,
				56C5E766123E6E520099F48D /* NSString+UUID.h */,
				56C5E767123E6E520099F48D /* NSString+UUID.m */,
			);
			path = MGTwitterEngine;
			sourceTree = "<group>";
		};
		56C5E768123E6E520099F48D /* SAOAuthTwitterEngine */ = {
			isa = PBXGroup;
			children = (
				56C5E769123E6E520099F48D /* SA_OAuthTwitterController.h */,
				56C5E76A123E6E520099F48D /* SA_OAuthTwitterController.m */,
				56C5E76B123E6E520099F48D /* SA_OAuthTwitterEngine.h */,
				56C5E76C123E6E520099F48D /* SA_OAuthTwitterEngine.m */,
				56C5E76D123E6E520099F48D /* twitter_load.png */,
			);
			path = SAOAuthTwitterEngine;
			sourceTree = "<group>";
		};
		56C8E7A511D0236B00B21D38 /* Nibs */ = {
			isa = PBXGroup;
			children = (
				56C8E7C211D023A600B21D38 /* ComposeStatusViewController.xib */,
				56C8E7C311D023A600B21D38 /* MainWindow.xib */,
				56C8E7C411D023A600B21D38 /* SettingsViewController.xib */,
			);
			name = Nibs;
			sourceTree = "<group>";
		};
		56C8E7A611D0237400B21D38 /* Images */ = {
			isa = PBXGroup;
			children = (
				56C8E7B411D0238F00B21D38 /* Default.png */,
				56C8E7B511D0238F00B21D38 /* FavoritesIcon.png */,
				56C8E7B611D0238F00B21D38 /* Icon.png */,
				56C8E7B711D0238F00B21D38 /* PeopleIcon.png */,
				56C8E7B811D0238F00B21D38 /* Placeholder.png */,
				56C8E7B911D0238F00B21D38 /* SearchIcon.png */,
				56C8E7BA11D0238F00B21D38 /* SettingsIcon.png */,
			);
			name = Images;
			sourceTree = "<group>";
		};
		56DEC91A126D4643002E4825 /* External */ = {
			isa = PBXGroup;
			children = (
				56DEC91B126D464D002E4825 /* fmdb */,
			);
			name = External;
			sourceTree = "<group>";
		};
		56DEC91B126D464D002E4825 /* fmdb */ = {
			isa = PBXGroup;
			children = (
				56DEC91C126D466D002E4825 /* fmdb.xcodeproj */,
			);
			name = fmdb;
			sourceTree = "<group>";
		};
		56DEC91D126D466D002E4825 /* Products */ = {
			isa = PBXGroup;
			children = (
				56DEC926126D466D002E4825 /* fmdb */,
				56DEC928126D466D002E4825 /* libiOSfmdb.a */,
			);
			name = Products;
			sourceTree = "<group>";
		};
/* End PBXGroup section */

/* Begin PBXNativeTarget section */
		1D6058900D05DD3D006BFB54 /* Presence */ = {
			isa = PBXNativeTarget;
			buildConfigurationList = 1D6058960D05DD3E006BFB54 /* Build configuration list for PBXNativeTarget "Presence" */;
			buildPhases = (
				1D60588D0D05DD3D006BFB54 /* Resources */,
				1D60588E0D05DD3D006BFB54 /* Sources */,
				1D60588F0D05DD3D006BFB54 /* Frameworks */,
			);
			buildRules = (
			);
			dependencies = (
				56DEC92A126D468C002E4825 /* PBXTargetDependency */,
			);
			name = Presence;
			productName = Presence;
			productReference = 1D6058910D05DD3D006BFB54 /* Presence.app */;
			productType = "com.apple.product-type.application";
		};
/* End PBXNativeTarget section */

/* Begin PBXProject section */
		29B97313FDCFA39411CA2CEA /* Project object */ = {
			isa = PBXProject;
			attributes = {
				ORGANIZATIONNAME = "Adam Duke";
			};
			buildConfigurationList = C01FCF4E08A954540054247B /* Build configuration list for PBXProject "Presence" */;
			compatibilityVersion = "Xcode 3.2";
			hasScannedForEncodings = 1;
			knownRegions = (
				English,
				Japanese,
				French,
				German,
				en,
				es,
			);
			mainGroup = 29B97314FDCFA39411CA2CEA /* CustomTemplate */;
			projectDirPath = "";
			projectReferences = (
				{
					ProductGroup = 56DEC91D126D466D002E4825 /* Products */;
					ProjectRef = 56DEC91C126D466D002E4825 /* fmdb.xcodeproj */;
				},
			);
			projectRoot = "";
			targets = (
				1D6058900D05DD3D006BFB54 /* Presence */,
			);
		};
/* End PBXProject section */

/* Begin PBXReferenceProxy section */
		56DEC926126D466D002E4825 /* fmdb */ = {
			isa = PBXReferenceProxy;
			fileType = "compiled.mach-o.executable";
			path = fmdb;
			remoteRef = 56DEC925126D466D002E4825 /* PBXContainerItemProxy */;
			sourceTree = BUILT_PRODUCTS_DIR;
		};
		56DEC928126D466D002E4825 /* libiOSfmdb.a */ = {
			isa = PBXReferenceProxy;
			fileType = archive.ar;
			path = libiOSfmdb.a;
			remoteRef = 56DEC927126D466D002E4825 /* PBXContainerItemProxy */;
			sourceTree = BUILT_PRODUCTS_DIR;
		};
/* End PBXReferenceProxy section */

/* Begin PBXResourcesBuildPhase section */
		1D60588D0D05DD3D006BFB54 /* Resources */ = {
			isa = PBXResourcesBuildPhase;
			buildActionMask = 2147483647;
			files = (
				561E9B6211BAE59F005A6BC8 /* Localizable.strings in Resources */,
				5616967411C5634300C07DEF /* FavoriteUsers.plist in Resources */,
				56C8E7BB11D0238F00B21D38 /* Default.png in Resources */,
				56C8E7BC11D0238F00B21D38 /* FavoritesIcon.png in Resources */,
				56C8E7BD11D0238F00B21D38 /* Icon.png in Resources */,
				56C8E7BE11D0238F00B21D38 /* PeopleIcon.png in Resources */,
				56C8E7BF11D0238F00B21D38 /* Placeholder.png in Resources */,
				56C8E7C011D0238F00B21D38 /* SearchIcon.png in Resources */,
				56C8E7C111D0238F00B21D38 /* SettingsIcon.png in Resources */,
				56C8E7C511D023A600B21D38 /* ComposeStatusViewController.xib in Resources */,
				56C8E7C611D023A600B21D38 /* MainWindow.xib in Resources */,
				56C8E7C711D023A600B21D38 /* SettingsViewController.xib in Resources */,
				564EF07112076FAD00ED4523 /* Schema_Version_1.plist in Resources */,
				56AA6D911207D0D3001A31E9 /* SchemaVersions.plist in Resources */,
				56AA6D931207D18C001A31E9 /* Schema_Version_2.plist in Resources */,
				56C5E76E123E6E520099F48D /* jQueryInject.txt in Resources */,
				56C5E76F123E6E520099F48D /* jQueryInjectLandscape.txt in Resources */,
				56C5E781123E6E520099F48D /* twitter_load.png in Resources */,
			);
			runOnlyForDeploymentPostprocessing = 0;
		};
/* End PBXResourcesBuildPhase section */

/* Begin PBXSourcesBuildPhase section */
		1D60588E0D05DD3D006BFB54 /* Sources */ = {
			isa = PBXSourcesBuildPhase;
			buildActionMask = 2147483647;
			files = (
				1D3623260D0F684500981E51 /* PresenceAppDelegate.m in Sources */,
				560315A810ABA79A005F649A /* ListViewController.m in Sources */,
				56C5613B10B2481E0014D33C /* NSObject+SBJSON.m in Sources */,
				56C5613C10B2481E0014D33C /* NSString+SBJSON.m in Sources */,
				56C5613D10B2481E0014D33C /* SBJSON.m in Sources */,
				56B897BD10B34DB400C7C5FF /* StatusViewController.m in Sources */,
				5638D04411B494CB00C9F272 /* ComposeStatusViewController.m in Sources */,
				563C65EF11B89639001430C9 /* PresenceContants.m in Sources */,
				566ADEE811B8BFBF00931CFD /* Person.m in Sources */,
				566ADEE911B8BFBF00931CFD /* SettingsViewController.m in Sources */,
				5640027311B8C13100355A74 /* main.m in Sources */,
				562BCB0611CA7CD7001E4BA2 /* IconDownloader.m in Sources */,
				56A8D21711CEEC4400BF541D /* FavoritesHelper.m in Sources */,
				56A8D2FC11CEFF4400BF541D /* CredentialHelper.m in Sources */,
				563C7C51120624BE002A9F1E /* DataAccessHelper.m in Sources */,
				563C7C54120625E3002A9F1E /* Status.m in Sources */,
				56C5E771123E6E520099F48D /* MGTwitterEngine.m in Sources */,
				56C5E772123E6E520099F48D /* MGTwitterHTTPURLConnection.m in Sources */,
				56C5E773123E6E520099F48D /* MGTwitterLibXMLParser.m in Sources */,
				56C5E774123E6E520099F48D /* MGTwitterMessagesLibXMLParser.m in Sources */,
				56C5E775123E6E520099F48D /* MGTwitterMessagesParser.m in Sources */,
				56C5E776123E6E520099F48D /* MGTwitterMiscLibXMLParser.m in Sources */,
				56C5E777123E6E520099F48D /* MGTwitterMiscParser.m in Sources */,
				56C5E778123E6E520099F48D /* MGTwitterStatusesLibXMLParser.m in Sources */,
				56C5E779123E6E520099F48D /* MGTwitterStatusesParser.m in Sources */,
				56C5E77A123E6E520099F48D /* MGTwitterUsersLibXMLParser.m in Sources */,
				56C5E77B123E6E520099F48D /* MGTwitterUsersParser.m in Sources */,
				56C5E77C123E6E520099F48D /* MGTwitterXMLParser.m in Sources */,
				56C5E77D123E6E520099F48D /* NSData+Base64.m in Sources */,
				56C5E77E123E6E520099F48D /* NSString+UUID.m in Sources */,
				56C5E77F123E6E520099F48D /* SA_OAuthTwitterController.m in Sources */,
				56C5E780123E6E520099F48D /* SA_OAuthTwitterEngine.m in Sources */,
			);
			runOnlyForDeploymentPostprocessing = 0;
		};
/* End PBXSourcesBuildPhase section */

/* Begin PBXTargetDependency section */
		56DEC92A126D468C002E4825 /* PBXTargetDependency */ = {
			isa = PBXTargetDependency;
			name = iOSfmdb;
			targetProxy = 56DEC929126D468C002E4825 /* PBXContainerItemProxy */;
		};
/* End PBXTargetDependency section */

/* Begin PBXVariantGroup section */
		561E9B6011BAE59F005A6BC8 /* Localizable.strings */ = {
			isa = PBXVariantGroup;
			children = (
				561E9B6111BAE59F005A6BC8 /* en */,
				561E9B6311BAE5AC005A6BC8 /* es */,
			);
			name = Localizable.strings;
			sourceTree = "<group>";
		};
/* End PBXVariantGroup section */

/* Begin XCBuildConfiguration section */
		1D6058940D05DD3E006BFB54 /* Debug */ = {
			isa = XCBuildConfiguration;
			buildSettings = {
				ALWAYS_SEARCH_USER_PATHS = NO;
				COPY_PHASE_STRIP = NO;
				GCC_DYNAMIC_NO_PIC = NO;
				GCC_OPTIMIZATION_LEVEL = 0;
				GCC_PRECOMPILE_PREFIX_HEADER = YES;
				GCC_PREFIX_HEADER = Presence_Prefix.pch;
				HEADER_SEARCH_PATHS = (
					$SDKROOT/usr/include/libxml2,
					"${PROJECT_DIR}/External/fmdb/build/${BUILD_STYLE}-${PLATFORM_NAME}/usr/local/include",
				);
				INFOPLIST_FILE = "Presence-Info.plist";
				LIBRARY_SEARCH_PATHS = (
					"$(inherited)",
					"\"$(SRCROOT)/Twitter+OAuth/Libraries & Headers\"",
				);
				PRODUCT_NAME = Presence;
			};
			name = Debug;
		};
		1D6058950D05DD3E006BFB54 /* Release */ = {
			isa = XCBuildConfiguration;
			buildSettings = {
				ALWAYS_SEARCH_USER_PATHS = NO;
				COPY_PHASE_STRIP = YES;
				GCC_PRECOMPILE_PREFIX_HEADER = YES;
				GCC_PREFIX_HEADER = Presence_Prefix.pch;
				HEADER_SEARCH_PATHS = "${PROJECT_DIR}/External/fmdb/build/${BUILD_STYLE}-${PLATFORM_NAME}/usr/local/include";
				INFOPLIST_FILE = "Presence-Info.plist";
				LIBRARY_SEARCH_PATHS = (
					"$(inherited)",
					"\"$(SRCROOT)/Twitter+OAuth/Libraries & Headers\"",
				);
				PRODUCT_NAME = Presence;
			};
			name = Release;
		};
		C01FCF4F08A954540054247B /* Debug */ = {
			isa = XCBuildConfiguration;
			buildSettings = {
				ARCHS = "$(ARCHS_STANDARD_32_BIT)";
				"CODE_SIGN_IDENTITY[sdk=iphoneos*]" = "iPhone Developer";
				GCC_C_LANGUAGE_STANDARD = c99;
				GCC_OPTIMIZATION_LEVEL = 0;
				GCC_WARN_ABOUT_DEPRECATED_FUNCTIONS = YES;
				GCC_WARN_ABOUT_RETURN_TYPE = YES;
				GCC_WARN_UNUSED_VARIABLE = YES;
				IPHONEOS_DEPLOYMENT_TARGET = 3.2;
				ONLY_ACTIVE_ARCH = NO;
				PREBINDING = NO;
				SDKROOT = iphonesimulator4.0;
				TARGETED_DEVICE_FAMILY = 1;
			};
			name = Debug;
		};
		C01FCF5008A954540054247B /* Release */ = {
			isa = XCBuildConfiguration;
			buildSettings = {
				ARCHS = "$(ARCHS_STANDARD_32_BIT)";
				"CODE_SIGN_IDENTITY[sdk=iphoneos*]" = "iPhone Developer";
				GCC_C_LANGUAGE_STANDARD = c99;
				GCC_WARN_ABOUT_DEPRECATED_FUNCTIONS = YES;
				GCC_WARN_ABOUT_RETURN_TYPE = YES;
				GCC_WARN_UNUSED_VARIABLE = YES;
				IPHONEOS_DEPLOYMENT_TARGET = 3.0;
				ONLY_ACTIVE_ARCH = NO;
				PREBINDING = NO;
				SDKROOT = iphonesimulator4.0;
				TARGETED_DEVICE_FAMILY = 1;
			};
			name = Release;
		};
/* End XCBuildConfiguration section */

/* Begin XCConfigurationList section */
		1D6058960D05DD3E006BFB54 /* Build configuration list for PBXNativeTarget "Presence" */ = {
			isa = XCConfigurationList;
			buildConfigurations = (
				1D6058940D05DD3E006BFB54 /* Debug */,
				1D6058950D05DD3E006BFB54 /* Release */,
			);
			defaultConfigurationIsVisible = 0;
			defaultConfigurationName = Release;
		};
		C01FCF4E08A954540054247B /* Build configuration list for PBXProject "Presence" */ = {
			isa = XCConfigurationList;
			buildConfigurations = (
				C01FCF4F08A954540054247B /* Debug */,
				C01FCF5008A954540054247B /* Release */,
			);
			defaultConfigurationIsVisible = 0;
			defaultConfigurationName = Release;
		};
/* End XCConfigurationList section */
	};
	rootObject = 29B97313FDCFA39411CA2CEA /* Project object */;
}
