// !$*UTF8*$!
{
	archiveVersion = 1;
	classes = {
	};
	objectVersion = 46;
	objects = {

/* Begin PBXBuildFile section */
		1D3623260D0F684500981E51 /* PresenceAppDelegate.m in Sources */ = {isa = PBXBuildFile; fileRef = 1D3623250D0F684500981E51 /* PresenceAppDelegate.m */; };
		1D60589F0D05DD5A006BFB54 /* Foundation.framework in Frameworks */ = {isa = PBXBuildFile; fileRef = 1D30AB110D05D00D00671497 /* Foundation.framework */; };
		1DF5F4E00D08C38300B7A737 /* UIKit.framework in Frameworks */ = {isa = PBXBuildFile; fileRef = 1DF5F4DF0D08C38300B7A737 /* UIKit.framework */; };
		288765FD0DF74451002DB57D /* CoreGraphics.framework in Frameworks */ = {isa = PBXBuildFile; fileRef = 288765FC0DF74451002DB57D /* CoreGraphics.framework */; };
		560315A810ABA79A005F649A /* ListViewController.m in Sources */ = {isa = PBXBuildFile; fileRef = 560315A710ABA79A005F649A /* ListViewController.m */; };
		5616967411C5634300C07DEF /* FavoriteUsers.plist in Resources */ = {isa = PBXBuildFile; fileRef = 5616967211C5634300C07DEF /* FavoriteUsers.plist */; };
		561E9B6211BAE59F005A6BC8 /* Localizable.strings in Resources */ = {isa = PBXBuildFile; fileRef = 561E9B6011BAE59F005A6BC8 /* Localizable.strings */; };
		562BCB0611CA7CD7001E4BA2 /* IconDownloader.m in Sources */ = {isa = PBXBuildFile; fileRef = 562BCB0511CA7CD7001E4BA2 /* IconDownloader.m */; };
		563329FA11B761BF00BF4184 /* QuartzCore.framework in Frameworks */ = {isa = PBXBuildFile; fileRef = 563329F911B761BF00BF4184 /* QuartzCore.framework */; };
		5638D04411B494CB00C9F272 /* ComposeStatusViewController.m in Sources */ = {isa = PBXBuildFile; fileRef = 5638D04211B494CB00C9F272 /* ComposeStatusViewController.m */; };
		563C65EF11B89639001430C9 /* PresenceContants.m in Sources */ = {isa = PBXBuildFile; fileRef = 563C65EE11B89639001430C9 /* PresenceContants.m */; };
		5640027311B8C13100355A74 /* main.m in Sources */ = {isa = PBXBuildFile; fileRef = 5640027211B8C13100355A74 /* main.m */; };
		566ADEE811B8BFBF00931CFD /* Person.m in Sources */ = {isa = PBXBuildFile; fileRef = 566ADEE511B8BFBF00931CFD /* Person.m */; };
		566ADEE911B8BFBF00931CFD /* SettingsViewController.m in Sources */ = {isa = PBXBuildFile; fileRef = 566ADEE711B8BFBF00931CFD /* SettingsViewController.m */; };
		56A8D21711CEEC4400BF541D /* FavoritesHelper.m in Sources */ = {isa = PBXBuildFile; fileRef = 56A8D21611CEEC4400BF541D /* FavoritesHelper.m */; };
		56A8D2FC11CEFF4400BF541D /* CredentialHelper.m in Sources */ = {isa = PBXBuildFile; fileRef = 56A8D2FB11CEFF4400BF541D /* CredentialHelper.m */; };
		56B897BD10B34DB400C7C5FF /* StatusViewController.m in Sources */ = {isa = PBXBuildFile; fileRef = 56B897BC10B34DB400C7C5FF /* StatusViewController.m */; };
		56C5613210B248120014D33C /* TwitterHelper.m in Sources */ = {isa = PBXBuildFile; fileRef = 56C5613110B248120014D33C /* TwitterHelper.m */; };
		56C5613B10B2481E0014D33C /* NSObject+SBJSON.m in Sources */ = {isa = PBXBuildFile; fileRef = 56C5613610B2481E0014D33C /* NSObject+SBJSON.m */; };
		56C5613C10B2481E0014D33C /* NSString+SBJSON.m in Sources */ = {isa = PBXBuildFile; fileRef = 56C5613810B2481E0014D33C /* NSString+SBJSON.m */; };
		56C5613D10B2481E0014D33C /* SBJSON.m in Sources */ = {isa = PBXBuildFile; fileRef = 56C5613A10B2481E0014D33C /* SBJSON.m */; };
		56C8E7BB11D0238F00B21D38 /* Default.png in Resources */ = {isa = PBXBuildFile; fileRef = 56C8E7B411D0238F00B21D38 /* Default.png */; };
		56C8E7BC11D0238F00B21D38 /* FavoritesIcon.png in Resources */ = {isa = PBXBuildFile; fileRef = 56C8E7B511D0238F00B21D38 /* FavoritesIcon.png */; };
		56C8E7BD11D0238F00B21D38 /* Icon.png in Resources */ = {isa = PBXBuildFile; fileRef = 56C8E7B611D0238F00B21D38 /* Icon.png */; };
		56C8E7BE11D0238F00B21D38 /* PeopleIcon.png in Resources */ = {isa = PBXBuildFile; fileRef = 56C8E7B711D0238F00B21D38 /* PeopleIcon.png */; };
		56C8E7BF11D0238F00B21D38 /* Placeholder.png in Resources */ = {isa = PBXBuildFile; fileRef = 56C8E7B811D0238F00B21D38 /* Placeholder.png */; };
		56C8E7C011D0238F00B21D38 /* SearchIcon.png in Resources */ = {isa = PBXBuildFile; fileRef = 56C8E7B911D0238F00B21D38 /* SearchIcon.png */; };
		56C8E7C111D0238F00B21D38 /* SettingsIcon.png in Resources */ = {isa = PBXBuildFile; fileRef = 56C8E7BA11D0238F00B21D38 /* SettingsIcon.png */; };
		56C8E7C511D023A600B21D38 /* ComposeStatusViewController.xib in Resources */ = {isa = PBXBuildFile; fileRef = 56C8E7C211D023A600B21D38 /* ComposeStatusViewController.xib */; };
		56C8E7C611D023A600B21D38 /* MainWindow.xib in Resources */ = {isa = PBXBuildFile; fileRef = 56C8E7C311D023A600B21D38 /* MainWindow.xib */; };
		56C8E7C711D023A600B21D38 /* SettingsViewController.xib in Resources */ = {isa = PBXBuildFile; fileRef = 56C8E7C411D023A600B21D38 /* SettingsViewController.xib */; };
/* End PBXBuildFile section */

/* Begin PBXFileReference section */
		1D30AB110D05D00D00671497 /* Foundation.framework */ = {isa = PBXFileReference; lastKnownFileType = wrapper.framework; name = Foundation.framework; path = System/Library/Frameworks/Foundation.framework; sourceTree = SDKROOT; };
		1D3623240D0F684500981E51 /* PresenceAppDelegate.h */ = {isa = PBXFileReference; fileEncoding = 4; lastKnownFileType = sourcecode.c.h; path = PresenceAppDelegate.h; sourceTree = "<group>"; };
		1D3623250D0F684500981E51 /* PresenceAppDelegate.m */ = {isa = PBXFileReference; fileEncoding = 4; lastKnownFileType = sourcecode.c.objc; path = PresenceAppDelegate.m; sourceTree = "<group>"; };
		1D6058910D05DD3D006BFB54 /* Presence.app */ = {isa = PBXFileReference; explicitFileType = wrapper.application; includeInIndex = 0; path = Presence.app; sourceTree = BUILT_PRODUCTS_DIR; };
		1DF5F4DF0D08C38300B7A737 /* UIKit.framework */ = {isa = PBXFileReference; lastKnownFileType = wrapper.framework; name = UIKit.framework; path = System/Library/Frameworks/UIKit.framework; sourceTree = SDKROOT; };
		288765FC0DF74451002DB57D /* CoreGraphics.framework */ = {isa = PBXFileReference; lastKnownFileType = wrapper.framework; name = CoreGraphics.framework; path = System/Library/Frameworks/CoreGraphics.framework; sourceTree = SDKROOT; };
		32CA4F630368D1EE00C91783 /* Presence_Prefix.pch */ = {isa = PBXFileReference; fileEncoding = 4; lastKnownFileType = sourcecode.c.h; path = Presence_Prefix.pch; sourceTree = "<group>"; };
		560315A610ABA79A005F649A /* ListViewController.h */ = {isa = PBXFileReference; fileEncoding = 4; lastKnownFileType = sourcecode.c.h; path = ListViewController.h; sourceTree = "<group>"; };
		560315A710ABA79A005F649A /* ListViewController.m */ = {isa = PBXFileReference; fileEncoding = 4; lastKnownFileType = sourcecode.c.objc; path = ListViewController.m; sourceTree = "<group>"; };
		5616967211C5634300C07DEF /* FavoriteUsers.plist */ = {isa = PBXFileReference; fileEncoding = 4; lastKnownFileType = text.plist.xml; name = FavoriteUsers.plist; path = Resources/FavoriteUsers.plist; sourceTree = "<group>"; };
		561E9B6111BAE59F005A6BC8 /* en */ = {isa = PBXFileReference; fileEncoding = 4; lastKnownFileType = text.plist.strings; name = en; path = en.lproj/Localizable.strings; sourceTree = "<group>"; };
		561E9B6311BAE5AC005A6BC8 /* es */ = {isa = PBXFileReference; lastKnownFileType = text.plist.strings; name = es; path = es.lproj/Localizable.strings; sourceTree = "<group>"; };
		5623066911CC5C5D006F4713 /* ValidationHelper.h */ = {isa = PBXFileReference; fileEncoding = 4; lastKnownFileType = sourcecode.c.h; path = ValidationHelper.h; sourceTree = "<group>"; };
		562BCB0411CA7CD7001E4BA2 /* IconDownloader.h */ = {isa = PBXFileReference; fileEncoding = 4; lastKnownFileType = sourcecode.c.h; path = IconDownloader.h; sourceTree = "<group>"; };
		562BCB0511CA7CD7001E4BA2 /* IconDownloader.m */ = {isa = PBXFileReference; fileEncoding = 4; lastKnownFileType = sourcecode.c.objc; path = IconDownloader.m; sourceTree = "<group>"; };
		563329F911B761BF00BF4184 /* QuartzCore.framework */ = {isa = PBXFileReference; lastKnownFileType = wrapper.framework; name = QuartzCore.framework; path = System/Library/Frameworks/QuartzCore.framework; sourceTree = SDKROOT; };
		5638D04111B494CB00C9F272 /* ComposeStatusViewController.h */ = {isa = PBXFileReference; fileEncoding = 4; lastKnownFileType = sourcecode.c.h; path = ComposeStatusViewController.h; sourceTree = "<group>"; };
		5638D04211B494CB00C9F272 /* ComposeStatusViewController.m */ = {isa = PBXFileReference; fileEncoding = 4; lastKnownFileType = sourcecode.c.objc; path = ComposeStatusViewController.m; sourceTree = "<group>"; };
		563C65ED11B89639001430C9 /* PresenceContants.h */ = {isa = PBXFileReference; fileEncoding = 4; lastKnownFileType = sourcecode.c.h; path = PresenceContants.h; sourceTree = "<group>"; };
		563C65EE11B89639001430C9 /* PresenceContants.m */ = {isa = PBXFileReference; fileEncoding = 4; lastKnownFileType = sourcecode.c.objc; path = PresenceContants.m; sourceTree = "<group>"; };
		5640027211B8C13100355A74 /* main.m */ = {isa = PBXFileReference; fileEncoding = 4; lastKnownFileType = sourcecode.c.objc; name = main.m; path = Classes/main.m; sourceTree = "<group>"; };
		566ADEE411B8BFBF00931CFD /* Person.h */ = {isa = PBXFileReference; fileEncoding = 4; lastKnownFileType = sourcecode.c.h; path = Person.h; sourceTree = "<group>"; };
		566ADEE511B8BFBF00931CFD /* Person.m */ = {isa = PBXFileReference; fileEncoding = 4; lastKnownFileType = sourcecode.c.objc; path = Person.m; sourceTree = "<group>"; };
		566ADEE611B8BFBF00931CFD /* SettingsViewController.h */ = {isa = PBXFileReference; fileEncoding = 4; lastKnownFileType = sourcecode.c.h; path = SettingsViewController.h; sourceTree = "<group>"; };
		566ADEE711B8BFBF00931CFD /* SettingsViewController.m */ = {isa = PBXFileReference; fileEncoding = 4; lastKnownFileType = sourcecode.c.objc; path = SettingsViewController.m; sourceTree = "<group>"; };
		56A8D21511CEEC4400BF541D /* FavoritesHelper.h */ = {isa = PBXFileReference; fileEncoding = 4; lastKnownFileType = sourcecode.c.h; path = FavoritesHelper.h; sourceTree = "<group>"; };
		56A8D21611CEEC4400BF541D /* FavoritesHelper.m */ = {isa = PBXFileReference; fileEncoding = 4; lastKnownFileType = sourcecode.c.objc; path = FavoritesHelper.m; sourceTree = "<group>"; };
		56A8D2FA11CEFF4400BF541D /* CredentialHelper.h */ = {isa = PBXFileReference; fileEncoding = 4; lastKnownFileType = sourcecode.c.h; path = CredentialHelper.h; sourceTree = "<group>"; };
		56A8D2FB11CEFF4400BF541D /* CredentialHelper.m */ = {isa = PBXFileReference; fileEncoding = 4; lastKnownFileType = sourcecode.c.objc; path = CredentialHelper.m; sourceTree = "<group>"; };
		56B897BB10B34DB400C7C5FF /* StatusViewController.h */ = {isa = PBXFileReference; fileEncoding = 4; lastKnownFileType = sourcecode.c.h; path = StatusViewController.h; sourceTree = "<group>"; };
		56B897BC10B34DB400C7C5FF /* StatusViewController.m */ = {isa = PBXFileReference; fileEncoding = 4; lastKnownFileType = sourcecode.c.objc; path = StatusViewController.m; sourceTree = "<group>"; };
		56C5613010B248120014D33C /* TwitterHelper.h */ = {isa = PBXFileReference; fileEncoding = 4; lastKnownFileType = sourcecode.c.h; path = TwitterHelper.h; sourceTree = "<group>"; };
		56C5613110B248120014D33C /* TwitterHelper.m */ = {isa = PBXFileReference; fileEncoding = 4; lastKnownFileType = sourcecode.c.objc; path = TwitterHelper.m; sourceTree = "<group>"; };
		56C5613410B2481E0014D33C /* JSON.h */ = {isa = PBXFileReference; fileEncoding = 4; lastKnownFileType = sourcecode.c.h; path = JSON.h; sourceTree = "<group>"; };
		56C5613510B2481E0014D33C /* NSObject+SBJSON.h */ = {isa = PBXFileReference; fileEncoding = 4; lastKnownFileType = sourcecode.c.h; path = "NSObject+SBJSON.h"; sourceTree = "<group>"; };
		56C5613610B2481E0014D33C /* NSObject+SBJSON.m */ = {isa = PBXFileReference; fileEncoding = 4; lastKnownFileType = sourcecode.c.objc; path = "NSObject+SBJSON.m"; sourceTree = "<group>"; };
		56C5613710B2481E0014D33C /* NSString+SBJSON.h */ = {isa = PBXFileReference; fileEncoding = 4; lastKnownFileType = sourcecode.c.h; path = "NSString+SBJSON.h"; sourceTree = "<group>"; };
		56C5613810B2481E0014D33C /* NSString+SBJSON.m */ = {isa = PBXFileReference; fileEncoding = 4; lastKnownFileType = sourcecode.c.objc; path = "NSString+SBJSON.m"; sourceTree = "<group>"; };
		56C5613910B2481E0014D33C /* SBJSON.h */ = {isa = PBXFileReference; fileEncoding = 4; lastKnownFileType = sourcecode.c.h; path = SBJSON.h; sourceTree = "<group>"; };
		56C5613A10B2481E0014D33C /* SBJSON.m */ = {isa = PBXFileReference; fileEncoding = 4; lastKnownFileType = sourcecode.c.objc; path = SBJSON.m; sourceTree = "<group>"; };
		56C8E7B411D0238F00B21D38 /* Default.png */ = {isa = PBXFileReference; lastKnownFileType = image.png; name = Default.png; path = Resources/Images/Default.png; sourceTree = "<group>"; };
		56C8E7B511D0238F00B21D38 /* FavoritesIcon.png */ = {isa = PBXFileReference; lastKnownFileType = image.png; name = FavoritesIcon.png; path = Resources/Images/FavoritesIcon.png; sourceTree = "<group>"; };
		56C8E7B611D0238F00B21D38 /* Icon.png */ = {isa = PBXFileReference; lastKnownFileType = image.png; name = Icon.png; path = Resources/Images/Icon.png; sourceTree = "<group>"; };
		56C8E7B711D0238F00B21D38 /* PeopleIcon.png */ = {isa = PBXFileReference; lastKnownFileType = image.png; name = PeopleIcon.png; path = Resources/Images/PeopleIcon.png; sourceTree = "<group>"; };
		56C8E7B811D0238F00B21D38 /* Placeholder.png */ = {isa = PBXFileReference; lastKnownFileType = image.png; name = Placeholder.png; path = Resources/Images/Placeholder.png; sourceTree = "<group>"; };
		56C8E7B911D0238F00B21D38 /* SearchIcon.png */ = {isa = PBXFileReference; lastKnownFileType = image.png; name = SearchIcon.png; path = Resources/Images/SearchIcon.png; sourceTree = "<group>"; };
		56C8E7BA11D0238F00B21D38 /* SettingsIcon.png */ = {isa = PBXFileReference; lastKnownFileType = image.png; name = SettingsIcon.png; path = Resources/Images/SettingsIcon.png; sourceTree = "<group>"; };
		56C8E7C211D023A600B21D38 /* ComposeStatusViewController.xib */ = {isa = PBXFileReference; lastKnownFileType = file.xib; name = ComposeStatusViewController.xib; path = Resources/Nibs/ComposeStatusViewController.xib; sourceTree = "<group>"; };
		56C8E7C311D023A600B21D38 /* MainWindow.xib */ = {isa = PBXFileReference; lastKnownFileType = file.xib; name = MainWindow.xib; path = Resources/Nibs/MainWindow.xib; sourceTree = "<group>"; };
		56C8E7C411D023A600B21D38 /* SettingsViewController.xib */ = {isa = PBXFileReference; lastKnownFileType = file.xib; name = SettingsViewController.xib; path = Resources/Nibs/SettingsViewController.xib; sourceTree = "<group>"; };
		8D1107310486CEB800E47090 /* Presence-Info.plist */ = {isa = PBXFileReference; fileEncoding = 4; lastKnownFileType = text.plist.xml; path = "Presence-Info.plist"; plistStructureDefinitionIdentifier = "com.apple.xcode.plist.structure-definition.iphone.info-plist"; sourceTree = "<group>"; };
/* End PBXFileReference section */

/* Begin PBXFrameworksBuildPhase section */
		1D60588F0D05DD3D006BFB54 /* Frameworks */ = {
			isa = PBXFrameworksBuildPhase;
			buildActionMask = 2147483647;
			files = (
				1D60589F0D05DD5A006BFB54 /* Foundation.framework in Frameworks */,
				1DF5F4E00D08C38300B7A737 /* UIKit.framework in Frameworks */,
				288765FD0DF74451002DB57D /* CoreGraphics.framework in Frameworks */,
				563329FA11B761BF00BF4184 /* QuartzCore.framework in Frameworks */,
			);
			runOnlyForDeploymentPostprocessing = 0;
		};
/* End PBXFrameworksBuildPhase section */

/* Begin PBXGroup section */
		080E96DDFE201D6D7F000001 /* Classes */ = {
			isa = PBXGroup;
			children = (
				562BCB6911CAA287001E4BA2 /* Constants */,
				562BCB6811CAA26A001E4BA2 /* Helper */,
				562BCB6711CAA25A001E4BA2 /* Model */,
				562BCB6611CAA223001E4BA2 /* ViewController */,
				562BCB0411CA7CD7001E4BA2 /* IconDownloader.h */,
				562BCB0511CA7CD7001E4BA2 /* IconDownloader.m */,
				1D3623240D0F684500981E51 /* PresenceAppDelegate.h */,
				1D3623250D0F684500981E51 /* PresenceAppDelegate.m */,
			);
			path = Classes;
			sourceTree = "<group>";
		};
		19C28FACFE9D520D11CA2CBB /* Products */ = {
			isa = PBXGroup;
			children = (
				1D6058910D05DD3D006BFB54 /* Presence.app */,
			);
			name = Products;
			sourceTree = "<group>";
		};
		29B97314FDCFA39411CA2CEA /* CustomTemplate */ = {
			isa = PBXGroup;
			children = (
				56C5613310B2481E0014D33C /* JSON */,
				080E96DDFE201D6D7F000001 /* Classes */,
				29B97315FDCFA39411CA2CEA /* Other Sources */,
				29B97317FDCFA39411CA2CEA /* Resources */,
				29B97323FDCFA39411CA2CEA /* Frameworks */,
				19C28FACFE9D520D11CA2CBB /* Products */,
			);
			name = CustomTemplate;
			sourceTree = "<group>";
		};
		29B97315FDCFA39411CA2CEA /* Other Sources */ = {
			isa = PBXGroup;
			children = (
				5640027211B8C13100355A74 /* main.m */,
				32CA4F630368D1EE00C91783 /* Presence_Prefix.pch */,
			);
			name = "Other Sources";
			sourceTree = "<group>";
		};
		29B97317FDCFA39411CA2CEA /* Resources */ = {
			isa = PBXGroup;
			children = (
				56C8E7A611D0237400B21D38 /* Images */,
				56C8E7A511D0236B00B21D38 /* Nibs */,
				5616967211C5634300C07DEF /* FavoriteUsers.plist */,
				561E9B6011BAE59F005A6BC8 /* Localizable.strings */,
				8D1107310486CEB800E47090 /* Presence-Info.plist */,
			);
			name = Resources;
			sourceTree = "<group>";
		};
		29B97323FDCFA39411CA2CEA /* Frameworks */ = {
			isa = PBXGroup;
			children = (
				563329F911B761BF00BF4184 /* QuartzCore.framework */,
				1DF5F4DF0D08C38300B7A737 /* UIKit.framework */,
				1D30AB110D05D00D00671497 /* Foundation.framework */,
				288765FC0DF74451002DB57D /* CoreGraphics.framework */,
			);
			name = Frameworks;
			sourceTree = "<group>";
		};
		562BCB6611CAA223001E4BA2 /* ViewController */ = {
			isa = PBXGroup;
			children = (
				5638D04111B494CB00C9F272 /* ComposeStatusViewController.h */,
				5638D04211B494CB00C9F272 /* ComposeStatusViewController.m */,
				560315A610ABA79A005F649A /* ListViewController.h */,
				560315A710ABA79A005F649A /* ListViewController.m */,
				566ADEE611B8BFBF00931CFD /* SettingsViewController.h */,
				566ADEE711B8BFBF00931CFD /* SettingsViewController.m */,
				56B897BB10B34DB400C7C5FF /* StatusViewController.h */,
				56B897BC10B34DB400C7C5FF /* StatusViewController.m */,
			);
			name = ViewController;
			sourceTree = "<group>";
		};
		562BCB6711CAA25A001E4BA2 /* Model */ = {
			isa = PBXGroup;
			children = (
				566ADEE411B8BFBF00931CFD /* Person.h */,
				566ADEE511B8BFBF00931CFD /* Person.m */,
			);
			name = Model;
			sourceTree = "<group>";
		};
		562BCB6811CAA26A001E4BA2 /* Helper */ = {
			isa = PBXGroup;
			children = (
				56C5613010B248120014D33C /* TwitterHelper.h */,
				56C5613110B248120014D33C /* TwitterHelper.m */,
				5623066911CC5C5D006F4713 /* ValidationHelper.h */,
				56A8D21511CEEC4400BF541D /* FavoritesHelper.h */,
				56A8D21611CEEC4400BF541D /* FavoritesHelper.m */,
				56A8D2FA11CEFF4400BF541D /* CredentialHelper.h */,
				56A8D2FB11CEFF4400BF541D /* CredentialHelper.m */,
			);
			name = Helper;
			sourceTree = "<group>";
		};
		562BCB6911CAA287001E4BA2 /* Constants */ = {
			isa = PBXGroup;
			children = (
				563C65ED11B89639001430C9 /* PresenceContants.h */,
				563C65EE11B89639001430C9 /* PresenceContants.m */,
			);
			name = Constants;
			sourceTree = "<group>";
		};
		56C5613310B2481E0014D33C /* JSON */ = {
			isa = PBXGroup;
			children = (
				56C5613410B2481E0014D33C /* JSON.h */,
				56C5613510B2481E0014D33C /* NSObject+SBJSON.h */,
				56C5613610B2481E0014D33C /* NSObject+SBJSON.m */,
				56C5613710B2481E0014D33C /* NSString+SBJSON.h */,
				56C5613810B2481E0014D33C /* NSString+SBJSON.m */,
				56C5613910B2481E0014D33C /* SBJSON.h */,
				56C5613A10B2481E0014D33C /* SBJSON.m */,
			);
			path = JSON;
			sourceTree = "<group>";
		};
		56C8E7A511D0236B00B21D38 /* Nibs */ = {
			isa = PBXGroup;
			children = (
				56C8E7C211D023A600B21D38 /* ComposeStatusViewController.xib */,
				56C8E7C311D023A600B21D38 /* MainWindow.xib */,
				56C8E7C411D023A600B21D38 /* SettingsViewController.xib */,
			);
			name = Nibs;
			sourceTree = "<group>";
		};
		56C8E7A611D0237400B21D38 /* Images */ = {
			isa = PBXGroup;
			children = (
				56C8E7B411D0238F00B21D38 /* Default.png */,
				56C8E7B511D0238F00B21D38 /* FavoritesIcon.png */,
				56C8E7B611D0238F00B21D38 /* Icon.png */,
				56C8E7B711D0238F00B21D38 /* PeopleIcon.png */,
				56C8E7B811D0238F00B21D38 /* Placeholder.png */,
				56C8E7B911D0238F00B21D38 /* SearchIcon.png */,
				56C8E7BA11D0238F00B21D38 /* SettingsIcon.png */,
			);
			name = Images;
			sourceTree = "<group>";
		};
/* End PBXGroup section */

/* Begin PBXNativeTarget section */
		1D6058900D05DD3D006BFB54 /* Presence */ = {
			isa = PBXNativeTarget;
			buildConfigurationList = 1D6058960D05DD3E006BFB54 /* Build configuration list for PBXNativeTarget "Presence" */;
			buildPhases = (
				1D60588D0D05DD3D006BFB54 /* Resources */,
				1D60588E0D05DD3D006BFB54 /* Sources */,
				1D60588F0D05DD3D006BFB54 /* Frameworks */,
			);
			buildRules = (
			);
			dependencies = (
			);
			name = Presence;
			productName = Presence;
			productReference = 1D6058910D05DD3D006BFB54 /* Presence.app */;
			productType = "com.apple.product-type.application";
		};
/* End PBXNativeTarget section */

/* Begin PBXProject section */
		29B97313FDCFA39411CA2CEA /* Project object */ = {
			isa = PBXProject;
			attributes = {
				ORGANIZATIONNAME = "Adam Duke";
			};
			buildConfigurationList = C01FCF4E08A954540054247B /* Build configuration list for PBXProject "Presence" */;
			compatibilityVersion = "Xcode 3.2";
			hasScannedForEncodings = 1;
			knownRegions = (
				English,
				Japanese,
				French,
				German,
				en,
				es,
			);
			mainGroup = 29B97314FDCFA39411CA2CEA /* CustomTemplate */;
			projectDirPath = "";
			projectRoot = "";
			targets = (
				1D6058900D05DD3D006BFB54 /* Presence */,
			);
		};
/* End PBXProject section */

/* Begin PBXResourcesBuildPhase section */
		1D60588D0D05DD3D006BFB54 /* Resources */ = {
			isa = PBXResourcesBuildPhase;
			buildActionMask = 2147483647;
			files = (
				561E9B6211BAE59F005A6BC8 /* Localizable.strings in Resources */,
				5616967411C5634300C07DEF /* FavoriteUsers.plist in Resources */,
				56C8E7BB11D0238F00B21D38 /* Default.png in Resources */,
				56C8E7BC11D0238F00B21D38 /* FavoritesIcon.png in Resources */,
				56C8E7BD11D0238F00B21D38 /* Icon.png in Resources */,
				56C8E7BE11D0238F00B21D38 /* PeopleIcon.png in Resources */,
				56C8E7BF11D0238F00B21D38 /* Placeholder.png in Resources */,
				56C8E7C011D0238F00B21D38 /* SearchIcon.png in Resources */,
				56C8E7C111D0238F00B21D38 /* SettingsIcon.png in Resources */,
				56C8E7C511D023A600B21D38 /* ComposeStatusViewController.xib in Resources */,
				56C8E7C611D023A600B21D38 /* MainWindow.xib in Resources */,
				56C8E7C711D023A600B21D38 /* SettingsViewController.xib in Resources */,
			);
			runOnlyForDeploymentPostprocessing = 0;
		};
/* End PBXResourcesBuildPhase section */

/* Begin PBXSourcesBuildPhase section */
		1D60588E0D05DD3D006BFB54 /* Sources */ = {
			isa = PBXSourcesBuildPhase;
			buildActionMask = 2147483647;
			files = (
				1D3623260D0F684500981E51 /* PresenceAppDelegate.m in Sources */,
				560315A810ABA79A005F649A /* ListViewController.m in Sources */,
				56C5613210B248120014D33C /* TwitterHelper.m in Sources */,
				56C5613B10B2481E0014D33C /* NSObject+SBJSON.m in Sources */,
				56C5613C10B2481E0014D33C /* NSString+SBJSON.m in Sources */,
				56C5613D10B2481E0014D33C /* SBJSON.m in Sources */,
				56B897BD10B34DB400C7C5FF /* StatusViewController.m in Sources */,
				5638D04411B494CB00C9F272 /* ComposeStatusViewController.m in Sources */,
				563C65EF11B89639001430C9 /* PresenceContants.m in Sources */,
				566ADEE811B8BFBF00931CFD /* Person.m in Sources */,
				566ADEE911B8BFBF00931CFD /* SettingsViewController.m in Sources */,
				5640027311B8C13100355A74 /* main.m in Sources */,
				562BCB0611CA7CD7001E4BA2 /* IconDownloader.m in Sources */,
				56A8D21711CEEC4400BF541D /* FavoritesHelper.m in Sources */,
				56A8D2FC11CEFF4400BF541D /* CredentialHelper.m in Sources */,
			);
			runOnlyForDeploymentPostprocessing = 0;
		};
/* End PBXSourcesBuildPhase section */

/* Begin PBXVariantGroup section */
		561E9B6011BAE59F005A6BC8 /* Localizable.strings */ = {
			isa = PBXVariantGroup;
			children = (
				561E9B6111BAE59F005A6BC8 /* en */,
				561E9B6311BAE5AC005A6BC8 /* es */,
			);
			name = Localizable.strings;
			sourceTree = "<group>";
		};
/* End PBXVariantGroup section */

/* Begin XCBuildConfiguration section */
		1D6058940D05DD3E006BFB54 /* Debug */ = {
			isa = XCBuildConfiguration;
			buildSettings = {
				ALWAYS_SEARCH_USER_PATHS = NO;
				COPY_PHASE_STRIP = NO;
				GCC_DYNAMIC_NO_PIC = NO;
				GCC_OPTIMIZATION_LEVEL = 0;
				GCC_PRECOMPILE_PREFIX_HEADER = YES;
				GCC_PREFIX_HEADER = Presence_Prefix.pch;
				INFOPLIST_FILE = "Presence-Info.plist";
				PRODUCT_NAME = Presence;
			};
			name = Debug;
		};
		1D6058950D05DD3E006BFB54 /* Release */ = {
			isa = XCBuildConfiguration;
			buildSettings = {
				ALWAYS_SEARCH_USER_PATHS = NO;
				COPY_PHASE_STRIP = YES;
				GCC_PRECOMPILE_PREFIX_HEADER = YES;
				GCC_PREFIX_HEADER = Presence_Prefix.pch;
				INFOPLIST_FILE = "Presence-Info.plist";
				PRODUCT_NAME = Presence;
			};
			name = Release;
		};
		C01FCF4F08A954540054247B /* Debug */ = {
			isa = XCBuildConfiguration;
			buildSettings = {
				ARCHS = "$(ARCHS_STANDARD_32_BIT)";
				"CODE_SIGN_IDENTITY[sdk=iphoneos*]" = "iPhone Developer";
				GCC_C_LANGUAGE_STANDARD = c99;
				GCC_OPTIMIZATION_LEVEL = 0;
				GCC_WARN_ABOUT_DEPRECATED_FUNCTIONS = YES;
				GCC_WARN_ABOUT_RETURN_TYPE = YES;
				GCC_WARN_UNUSED_VARIABLE = YES;
				IPHONEOS_DEPLOYMENT_TARGET = 3.0;
				ONLY_ACTIVE_ARCH = NO;
				PREBINDING = NO;
				SDKROOT = iphonesimulator4.0;
				TARGETED_DEVICE_FAMILY = 1;
			};
			name = Debug;
		};
		C01FCF5008A954540054247B /* Release */ = {
			isa = XCBuildConfiguration;
			buildSettings = {
				ARCHS = "$(ARCHS_STANDARD_32_BIT)";
				"CODE_SIGN_IDENTITY[sdk=iphoneos*]" = "iPhone Developer";
				GCC_C_LANGUAGE_STANDARD = c99;
				GCC_WARN_ABOUT_DEPRECATED_FUNCTIONS = YES;
				GCC_WARN_ABOUT_RETURN_TYPE = YES;
				GCC_WARN_UNUSED_VARIABLE = YES;
				IPHONEOS_DEPLOYMENT_TARGET = 3.0;
				ONLY_ACTIVE_ARCH = NO;
				PREBINDING = NO;
				SDKROOT = iphonesimulator4.0;
				TARGETED_DEVICE_FAMILY = 1;
			};
			name = Release;
		};
/* End XCBuildConfiguration section */

/* Begin XCConfigurationList section */
		1D6058960D05DD3E006BFB54 /* Build configuration list for PBXNativeTarget "Presence" */ = {
			isa = XCConfigurationList;
			buildConfigurations = (
				1D6058940D05DD3E006BFB54 /* Debug */,
				1D6058950D05DD3E006BFB54 /* Release */,
			);
			defaultConfigurationIsVisible = 0;
			defaultConfigurationName = Release;
		};
		C01FCF4E08A954540054247B /* Build configuration list for PBXProject "Presence" */ = {
			isa = XCConfigurationList;
			buildConfigurations = (
				C01FCF4F08A954540054247B /* Debug */,
				C01FCF5008A954540054247B /* Release */,
			);
			defaultConfigurationIsVisible = 0;
			defaultConfigurationName = Release;
		};
/* End XCConfigurationList section */
	};
	rootObject = 29B97313FDCFA39411CA2CEA /* Project object */;
}
